<?xml version="1.0" encoding="utf-8"?>
<Project ToolsVersion="4.0" xmlns="http://schemas.microsoft.com/developer/msbuild/2003">
  <ItemGroup>
    <Filter Include="logic">
      <UniqueIdentifier>{8e27fbe9-ad96-4697-89c0-6f1e4485154f}</UniqueIdentifier>
    </Filter>
    <Filter Include="locale">
      <UniqueIdentifier>{58b9abf6-2654-4f33-a94a-e8e220e28a3b}</UniqueIdentifier>
    </Filter>
    <Filter Include="rules">
      <UniqueIdentifier>{ebad3484-de76-45ff-b817-cca33f2b93a9}</UniqueIdentifier>
    </Filter>
    <Filter Include="locale\ru">
      <UniqueIdentifier>{5a111ba0-0963-46e6-b49e-4a369a60f15e}</UniqueIdentifier>
    </Filter>
  </ItemGroup>
  <ItemGroup>
    <ClCompile Include="feat.cpp">
      <Filter>logic</Filter>
    </ClCompile>
    <ClCompile Include="item.cpp">
      <Filter>logic</Filter>
    </ClCompile>
    <ClCompile Include="wear.cpp">
      <Filter>logic</Filter>
    </ClCompile>
    <ClCompile Include="wearable.cpp">
      <Filter>logic</Filter>
    </ClCompile>
    <ClCompile Include="metadata.cpp">
      <Filter>logic</Filter>
    </ClCompile>
    <ClCompile Include="scripting.cpp">
      <Filter>logic</Filter>
    </ClCompile>
    <ClCompile Include="main.cpp">
      <Filter>logic</Filter>
    </ClCompile>
    <ClCompile Include="ability.cpp">
      <Filter>logic</Filter>
    </ClCompile>
    <ClCompile Include="statable.cpp">
      <Filter>logic</Filter>
    </ClCompile>
    <ClCompile Include="modifier.cpp">
      <Filter>logic</Filter>
    </ClCompile>
    <ClCompile Include="creature.cpp">
      <Filter>logic</Filter>
    </ClCompile>
    <ClCompile Include="race.cpp">
      <Filter>logic</Filter>
    </ClCompile>
    <ClCompile Include="class.cpp">
      <Filter>logic</Filter>
    </ClCompile>
    <ClCompile Include="ongoing.cpp">
      <Filter>logic</Filter>
    </ClCompile>
    <ClCompile Include="monster.cpp">
      <Filter>logic</Filter>
    </ClCompile>
    <ClCompile Include="roll.cpp">
      <Filter>logic</Filter>
    </ClCompile>
    <ClCompile Include="actable.cpp">
      <Filter>logic</Filter>
    </ClCompile>
    <ClCompile Include="nametable.cpp">
      <Filter>logic</Filter>
    </ClCompile>
    <ClCompile Include="consumable.cpp">
      <Filter>logic</Filter>
    </ClCompile>
    <ClCompile Include="information.cpp">
      <Filter>logic</Filter>
    </ClCompile>
  </ItemGroup>
  <ItemGroup>
    <ClInclude Include="feat.h">
      <Filter>logic</Filter>
    </ClInclude>
    <ClInclude Include="item.h">
      <Filter>logic</Filter>
    </ClInclude>
    <ClInclude Include="wear.h">
      <Filter>logic</Filter>
    </ClInclude>
    <ClInclude Include="wearable.h">
      <Filter>logic</Filter>
    </ClInclude>
    <ClInclude Include="ability.h">
      <Filter>logic</Filter>
    </ClInclude>
    <ClInclude Include="statable.h">
      <Filter>logic</Filter>
    </ClInclude>
    <ClInclude Include="modifier.h">
      <Filter>logic</Filter>
    </ClInclude>
    <ClInclude Include="creature.h">
      <Filter>logic</Filter>
    </ClInclude>
    <ClInclude Include="race.h">
      <Filter>logic</Filter>
    </ClInclude>
    <ClInclude Include="class.h">
      <Filter>logic</Filter>
    </ClInclude>
    <ClInclude Include="ongoing.h">
      <Filter>logic</Filter>
    </ClInclude>
    <ClInclude Include="spell.h">
      <Filter>logic</Filter>
    </ClInclude>
    <ClInclude Include="monster.h">
      <Filter>logic</Filter>
    </ClInclude>
    <ClInclude Include="roll.h">
      <Filter>logic</Filter>
    </ClInclude>
    <ClInclude Include="actable.h">
      <Filter>logic</Filter>
    </ClInclude>
    <ClInclude Include="nametable.h">
      <Filter>logic</Filter>
    </ClInclude>
    <ClInclude Include="consumable.h">
      <Filter>logic</Filter>
    </ClInclude>
  </ItemGroup>
  <ItemGroup>
    <Text Include="rules\Basic.txt">
      <Filter>rules</Filter>
    </Text>
    <Text Include="errors.txt">
      <Filter>rules</Filter>
    </Text>
    <Text Include="rules\Advancement.txt">
      <Filter>rules</Filter>
    </Text>
    <Text Include="rules\Items.txt">
      <Filter>rules</Filter>
    </Text>
    <Text Include="rules\Monsters.txt">
      <Filter>rules</Filter>
    </Text>
    <Text Include="rules\Spells.txt">
      <Filter>rules</Filter>
    </Text>
    <Text Include="locale\ru\Names.txt">
      <Filter>locale\ru</Filter>
    </Text>
    <Text Include="locale\ru\Talks.txt">
      <Filter>locale\ru</Filter>
    </Text>
    <Text Include="locale\ru\Combat.txt">
      <Filter>locale\ru</Filter>
    </Text>
    <Text Include="locale\ru\Treasure0.txt">
      <Filter>locale\ru</Filter>
    </Text>
    <Text Include="locale\ru\NamesNewbe.txt">
      <Filter>locale\ru</Filter>
    </Text>
    <Text Include="locale\ru\AbilitityNames.txt">
      <Filter>locale\ru</Filter>
    </Text>
  </ItemGroup>
</Project>