<?xml version="1.0" encoding="utf-8"?>
<Project ToolsVersion="4.0" xmlns="http://schemas.microsoft.com/developer/msbuild/2003">
  <ItemGroup>
    <Filter Include="Логика">
      <UniqueIdentifier>{8186fd53-cd8f-47f4-8923-06f40dd0699e}</UniqueIdentifier>
    </Filter>
    <Filter Include="Данные">
      <UniqueIdentifier>{eed5a1d7-90be-4af7-a910-497a2beebdcc}</UniqueIdentifier>
    </Filter>
    <Filter Include="Утилиты">
      <UniqueIdentifier>{3336924e-0206-48c0-9443-c3ebc1c93798}</UniqueIdentifier>
    </Filter>
  </ItemGroup>
  <ItemGroup>
    <ClCompile Include="main.cpp">
      <Filter>Логика</Filter>
    </ClCompile>
    <ClCompile Include="pirate.cpp">
      <Filter>Логика</Filter>
    </ClCompile>
    <ClCompile Include="metadata.cpp">
      <Filter>Логика</Filter>
    </ClCompile>
    <ClCompile Include="ability.cpp">
      <Filter>Логика</Filter>
    </ClCompile>
    <ClCompile Include="roll12.cpp">
      <Filter>Логика</Filter>
    </ClCompile>
    <ClCompile Include="npcname.cpp">
      <Filter>Логика</Filter>
    </ClCompile>
    <ClCompile Include="script.cpp">
      <Filter>Логика</Filter>
    </ClCompile>
    <ClCompile Include="tag.cpp">
      <Filter>Логика</Filter>
    </ClCompile>
    <ClCompile Include="information.cpp">
      <Filter>Логика</Filter>
    </ClCompile>
    <ClCompile Include="sprite_util.cpp">
      <Filter>Утилиты</Filter>
    </ClCompile>
    <ClCompile Include="main_util.cpp">
      <Filter>Утилиты</Filter>
    </ClCompile>
    <ClCompile Include="cannoneer.cpp">
      <Filter>Логика</Filter>
    </ClCompile>
    <ClCompile Include="ocean.cpp">
      <Filter>Логика</Filter>
    </ClCompile>
    <ClCompile Include="tile.cpp">
      <Filter>Логика</Filter>
    </ClCompile>
    <ClCompile Include="shiplog.cpp">
      <Filter>Логика</Filter>
    </ClCompile>
    <ClCompile Include="counters.cpp">
      <Filter>Логика</Filter>
    </ClCompile>
    <ClCompile Include="chest.cpp">
      <Filter>Логика</Filter>
    </ClCompile>
    <ClCompile Include="treasure.cpp">
      <Filter>Логика</Filter>
    </ClCompile>
    <ClCompile Include="trigger.cpp">
      <Filter>Логика</Filter>
    </ClCompile>
    <ClCompile Include="player.cpp">
      <Filter>Логика</Filter>
    </ClCompile>
    <ClCompile Include="tilea.cpp">
      <Filter>Логика</Filter>
    </ClCompile>
    <ClCompile Include="serial.cpp">
      <Filter>Логика</Filter>
    </ClCompile>
    <ClCompile Include="goal.cpp">
      <Filter>Логика</Filter>
    </ClCompile>
  </ItemGroup>
  <ItemGroup>
    <ClInclude Include="main.h">
      <Filter>Логика</Filter>
    </ClInclude>
    <ClInclude Include="sprite_util.h">
      <Filter>Утилиты</Filter>
    </ClInclude>
    <ClInclude Include="cannoneer.h">
      <Filter>Логика</Filter>
    </ClInclude>
    <ClInclude Include="counters.h">
      <Filter>Логика</Filter>
    </ClInclude>
    <ClInclude Include="goal.h">
      <Filter>Логика</Filter>
    </ClInclude>
  </ItemGroup>
  <ItemGroup>
    <Text Include="locale\ru\Names.txt">
      <Filter>Данные</Filter>
    </Text>
    <Text Include="rules\Basic.txt">
      <Filter>Данные</Filter>
    </Text>
    <Text Include="errors.txt">
      <Filter>Данные</Filter>
    </Text>
    <Text Include="locale\ru\PirateHistory.txt">
      <Filter>Данные</Filter>
    </Text>
    <Text Include="locale\ru\PirateNames.txt">
      <Filter>Данные</Filter>
    </Text>
    <Text Include="locale\ru\PirateHistoryVariants.txt">
      <Filter>Данные</Filter>
    </Text>
    <Text Include="scenario\BeyondTheOceanEdge.txt">
      <Filter>Данные</Filter>
    </Text>
    <Text Include="locale\ru\Descriptions.txt">
      <Filter>Данные</Filter>
    </Text>
    <Text Include="rules\Treasures.txt">
      <Filter>Данные</Filter>
    </Text>
    <Text Include="locale\ru\QuestActions.txt">
      <Filter>Данные</Filter>
    </Text>
  </ItemGroup>
  <ItemGroup>
    <Image Include="art\example\indecies.png">
      <Filter>Данные</Filter>
    </Image>
  </ItemGroup>
</Project>