
Microsoft Visual Studio Solution File, Format Version 12.00
# Visual Studio Version 17
VisualStudioVersion = 17.8.34330.188
MinimumVisualStudioVersion = 10.0.40219.1
Project("{8BC9CEB8-8B4A-11D0-8D11-00A0C91BC942}") = "utg", "utg\utg.vcxproj", "{9783172D-540B-4517-B85C-5DD5643EC9DB}"
EndProject
Project("{8BC9CEB8-8B4A-11D0-8D11-00A0C91BC942}") = "dw", "dw\dw.vcxproj", "{2053D3F4-CF6F-4041-A67C-41173EB5ECD1}"
EndProject
Project("{8BC9CEB8-8B4A-11D0-8D11-00A0C91BC942}") = "root", "root\root.vcxproj", "{3DB6E1B0-853A-4F0B-9B0B-038463A886BA}"
EndProject
Project("{8BC9CEB8-8B4A-11D0-8D11-00A0C91BC942}") = "space", "space\space.vcxproj", "{FF662244-B28B-434C-A1AD-FF4842F3C566}"
EndProject
Project("{8BC9CEB8-8B4A-11D0-8D11-00A0C91BC942}") = "lastsea", "lastsea\lastsea.vcxproj", "{DD3D68E0-8084-43DA-B0E6-79B15BECA8F5}"
EndProject
Project("{8BC9CEB8-8B4A-11D0-8D11-00A0C91BC942}") = "arkham", "arkham\arkham.vcxproj", "{2D82C450-910E-4535-9BFE-745886E6B22A}"
EndProject
Project("{8BC9CEB8-8B4A-11D0-8D11-00A0C91BC942}") = "gh", "gh\gh.vcxproj", "{7B75A4BF-AE8A-4382-952E-8348AD33036A}"
EndProject
Project("{8BC9CEB8-8B4A-11D0-8D11-00A0C91BC942}") = "ti", "ti\ti.vcxproj", "{EC6FCD84-D297-4E2D-97C3-6798EC7EB2C8}"
EndProject
Project("{8BC9CEB8-8B4A-11D0-8D11-00A0C91BC942}") = "dnd5", "dnd5\dnd5.vcxproj", "{648176F8-FD1F-4B13-86A5-C9C6C016908E}"
EndProject
Project("{8BC9CEB8-8B4A-11D0-8D11-00A0C91BC942}") = "simwar", "simwar\simwar.vcxproj", "{C9397833-BD7D-4E5D-BA98-D79871438027}"
EndProject
Project("{8BC9CEB8-8B4A-11D0-8D11-00A0C91BC942}") = "vwc", "vwc\vwc.vcxproj", "{36E5898D-C75E-4157-88A8-0E5C8E49BC26}"
EndProject
Project("{8BC9CEB8-8B4A-11D0-8D11-00A0C91BC942}") = "dnd1", "dnd1\dnd1.vcxproj", "{993B6DBF-7F23-4BAC-B056-E1F4C94CDE50}"
EndProject
Project("{8BC9CEB8-8B4A-11D0-8D11-00A0C91BC942}") = "view", "view\view.vcxproj", "{63A08143-65FE-408B-8C53-B077A629A6BF}"
EndProject
Project("{8BC9CEB8-8B4A-11D0-8D11-00A0C91BC942}") = "swse", "swse\swse.vcxproj", "{E95B14D3-3B47-4298-BE8F-8D76E358E76D}"
EndProject
Project("{8BC9CEB8-8B4A-11D0-8D11-00A0C91BC942}") = "mg", "mg\mg.vcxproj", "{0F43F2A3-6176-4ECE-9560-F741C47304B9}"
EndProject
Project("{8BC9CEB8-8B4A-11D0-8D11-00A0C91BC942}") = "dnd3", "dnd3\dnd3.vcxproj", "{A979E6FE-E82C-4ED9-84BD-92AFF0D5F749}"
EndProject
Project("{8BC9CEB8-8B4A-11D0-8D11-00A0C91BC942}") = "shdd", "shdd\shdd.vcxproj", "{55A93FC2-B3B6-4276-8BFA-2424CCC3A5B7}"
EndProject
Project("{8BC9CEB8-8B4A-11D0-8D11-00A0C91BC942}") = "knm", "knm\knm.vcxproj", "{0A382E7C-2886-475E-86E7-3595D36B424E}"
EndProject
Project("{8BC9CEB8-8B4A-11D0-8D11-00A0C91BC942}") = "cosmic", "cosmic\cosmic.vcxproj", "{6FDEDC01-C64E-4D5B-81BF-EFD8AEF6ABA3}"
EndProject
Project("{8BC9CEB8-8B4A-11D0-8D11-00A0C91BC942}") = "mapedit", "mapedit\mapedit.vcxproj", "{B67FCFC0-B872-4BE9-96F6-B94097F122D6}"
EndProject
Project("{8BC9CEB8-8B4A-11D0-8D11-00A0C91BC942}") = "pmapack", "pmapack\pmapack.vcxproj", "{30AA14CF-8BB0-43CF-9D09-25111E4484FE}"
EndProject
Global
	GlobalSection(SolutionConfigurationPlatforms) = preSolution
		Debug|x64 = Debug|x64
		Debug|x86 = Debug|x86
		Release|x64 = Release|x64
		Release|x86 = Release|x86
	EndGlobalSection
	GlobalSection(ProjectConfigurationPlatforms) = postSolution
		{9783172D-540B-4517-B85C-5DD5643EC9DB}.Debug|x64.ActiveCfg = Debug|x64
		{9783172D-540B-4517-B85C-5DD5643EC9DB}.Debug|x64.Build.0 = Debug|x64
		{9783172D-540B-4517-B85C-5DD5643EC9DB}.Debug|x86.ActiveCfg = Debug|Win32
		{9783172D-540B-4517-B85C-5DD5643EC9DB}.Debug|x86.Build.0 = Debug|Win32
		{9783172D-540B-4517-B85C-5DD5643EC9DB}.Release|x64.ActiveCfg = Release|x64
		{9783172D-540B-4517-B85C-5DD5643EC9DB}.Release|x64.Build.0 = Release|x64
		{9783172D-540B-4517-B85C-5DD5643EC9DB}.Release|x86.ActiveCfg = Release|Win32
		{9783172D-540B-4517-B85C-5DD5643EC9DB}.Release|x86.Build.0 = Release|Win32
		{2053D3F4-CF6F-4041-A67C-41173EB5ECD1}.Debug|x64.ActiveCfg = Debug|x64
		{2053D3F4-CF6F-4041-A67C-41173EB5ECD1}.Debug|x64.Build.0 = Debug|x64
		{2053D3F4-CF6F-4041-A67C-41173EB5ECD1}.Debug|x86.ActiveCfg = Debug|Win32
		{2053D3F4-CF6F-4041-A67C-41173EB5ECD1}.Debug|x86.Build.0 = Debug|Win32
		{2053D3F4-CF6F-4041-A67C-41173EB5ECD1}.Release|x64.ActiveCfg = Release|x64
		{2053D3F4-CF6F-4041-A67C-41173EB5ECD1}.Release|x64.Build.0 = Release|x64
		{2053D3F4-CF6F-4041-A67C-41173EB5ECD1}.Release|x86.ActiveCfg = Release|Win32
		{2053D3F4-CF6F-4041-A67C-41173EB5ECD1}.Release|x86.Build.0 = Release|Win32
		{3DB6E1B0-853A-4F0B-9B0B-038463A886BA}.Debug|x64.ActiveCfg = Debug|x64
		{3DB6E1B0-853A-4F0B-9B0B-038463A886BA}.Debug|x64.Build.0 = Debug|x64
		{3DB6E1B0-853A-4F0B-9B0B-038463A886BA}.Debug|x86.ActiveCfg = Debug|Win32
		{3DB6E1B0-853A-4F0B-9B0B-038463A886BA}.Debug|x86.Build.0 = Debug|Win32
		{3DB6E1B0-853A-4F0B-9B0B-038463A886BA}.Release|x64.ActiveCfg = Release|x64
		{3DB6E1B0-853A-4F0B-9B0B-038463A886BA}.Release|x64.Build.0 = Release|x64
		{3DB6E1B0-853A-4F0B-9B0B-038463A886BA}.Release|x86.ActiveCfg = Release|Win32
		{3DB6E1B0-853A-4F0B-9B0B-038463A886BA}.Release|x86.Build.0 = Release|Win32
		{FF662244-B28B-434C-A1AD-FF4842F3C566}.Debug|x64.ActiveCfg = Debug|x64
		{FF662244-B28B-434C-A1AD-FF4842F3C566}.Debug|x64.Build.0 = Debug|x64
		{FF662244-B28B-434C-A1AD-FF4842F3C566}.Debug|x86.ActiveCfg = Debug|Win32
		{FF662244-B28B-434C-A1AD-FF4842F3C566}.Debug|x86.Build.0 = Debug|Win32
		{FF662244-B28B-434C-A1AD-FF4842F3C566}.Release|x64.ActiveCfg = Release|x64
		{FF662244-B28B-434C-A1AD-FF4842F3C566}.Release|x64.Build.0 = Release|x64
		{FF662244-B28B-434C-A1AD-FF4842F3C566}.Release|x86.ActiveCfg = Release|Win32
		{FF662244-B28B-434C-A1AD-FF4842F3C566}.Release|x86.Build.0 = Release|Win32
		{DD3D68E0-8084-43DA-B0E6-79B15BECA8F5}.Debug|x64.ActiveCfg = Debug|x64
		{DD3D68E0-8084-43DA-B0E6-79B15BECA8F5}.Debug|x64.Build.0 = Debug|x64
		{DD3D68E0-8084-43DA-B0E6-79B15BECA8F5}.Debug|x86.ActiveCfg = Debug|Win32
		{DD3D68E0-8084-43DA-B0E6-79B15BECA8F5}.Debug|x86.Build.0 = Debug|Win32
		{DD3D68E0-8084-43DA-B0E6-79B15BECA8F5}.Release|x64.ActiveCfg = Release|x64
		{DD3D68E0-8084-43DA-B0E6-79B15BECA8F5}.Release|x64.Build.0 = Release|x64
		{DD3D68E0-8084-43DA-B0E6-79B15BECA8F5}.Release|x86.ActiveCfg = Release|Win32
		{DD3D68E0-8084-43DA-B0E6-79B15BECA8F5}.Release|x86.Build.0 = Release|Win32
		{2D82C450-910E-4535-9BFE-745886E6B22A}.Debug|x64.ActiveCfg = Debug|x64
		{2D82C450-910E-4535-9BFE-745886E6B22A}.Debug|x64.Build.0 = Debug|x64
		{2D82C450-910E-4535-9BFE-745886E6B22A}.Debug|x86.ActiveCfg = Debug|Win32
		{2D82C450-910E-4535-9BFE-745886E6B22A}.Debug|x86.Build.0 = Debug|Win32
		{2D82C450-910E-4535-9BFE-745886E6B22A}.Release|x64.ActiveCfg = Release|x64
		{2D82C450-910E-4535-9BFE-745886E6B22A}.Release|x64.Build.0 = Release|x64
		{2D82C450-910E-4535-9BFE-745886E6B22A}.Release|x86.ActiveCfg = Release|Win32
		{2D82C450-910E-4535-9BFE-745886E6B22A}.Release|x86.Build.0 = Release|Win32
		{7B75A4BF-AE8A-4382-952E-8348AD33036A}.Debug|x64.ActiveCfg = Debug|x64
		{7B75A4BF-AE8A-4382-952E-8348AD33036A}.Debug|x64.Build.0 = Debug|x64
		{7B75A4BF-AE8A-4382-952E-8348AD33036A}.Debug|x86.ActiveCfg = Debug|Win32
		{7B75A4BF-AE8A-4382-952E-8348AD33036A}.Debug|x86.Build.0 = Debug|Win32
		{7B75A4BF-AE8A-4382-952E-8348AD33036A}.Release|x64.ActiveCfg = Release|x64
		{7B75A4BF-AE8A-4382-952E-8348AD33036A}.Release|x64.Build.0 = Release|x64
		{7B75A4BF-AE8A-4382-952E-8348AD33036A}.Release|x86.ActiveCfg = Release|Win32
		{7B75A4BF-AE8A-4382-952E-8348AD33036A}.Release|x86.Build.0 = Release|Win32
		{EC6FCD84-D297-4E2D-97C3-6798EC7EB2C8}.Debug|x64.ActiveCfg = Debug|x64
		{EC6FCD84-D297-4E2D-97C3-6798EC7EB2C8}.Debug|x64.Build.0 = Debug|x64
		{EC6FCD84-D297-4E2D-97C3-6798EC7EB2C8}.Debug|x86.ActiveCfg = Debug|Win32
		{EC6FCD84-D297-4E2D-97C3-6798EC7EB2C8}.Debug|x86.Build.0 = Debug|Win32
		{EC6FCD84-D297-4E2D-97C3-6798EC7EB2C8}.Release|x64.ActiveCfg = Release|x64
		{EC6FCD84-D297-4E2D-97C3-6798EC7EB2C8}.Release|x64.Build.0 = Release|x64
		{EC6FCD84-D297-4E2D-97C3-6798EC7EB2C8}.Release|x86.ActiveCfg = Release|Win32
		{EC6FCD84-D297-4E2D-97C3-6798EC7EB2C8}.Release|x86.Build.0 = Release|Win32
		{648176F8-FD1F-4B13-86A5-C9C6C016908E}.Debug|x64.ActiveCfg = Debug|x64
		{648176F8-FD1F-4B13-86A5-C9C6C016908E}.Debug|x64.Build.0 = Debug|x64
		{648176F8-FD1F-4B13-86A5-C9C6C016908E}.Debug|x86.ActiveCfg = Debug|Win32
		{648176F8-FD1F-4B13-86A5-C9C6C016908E}.Debug|x86.Build.0 = Debug|Win32
		{648176F8-FD1F-4B13-86A5-C9C6C016908E}.Release|x64.ActiveCfg = Release|x64
		{648176F8-FD1F-4B13-86A5-C9C6C016908E}.Release|x64.Build.0 = Release|x64
		{648176F8-FD1F-4B13-86A5-C9C6C016908E}.Release|x86.ActiveCfg = Release|Win32
		{648176F8-FD1F-4B13-86A5-C9C6C016908E}.Release|x86.Build.0 = Release|Win32
		{C9397833-BD7D-4E5D-BA98-D79871438027}.Debug|x64.ActiveCfg = Debug|x64
		{C9397833-BD7D-4E5D-BA98-D79871438027}.Debug|x64.Build.0 = Debug|x64
		{C9397833-BD7D-4E5D-BA98-D79871438027}.Debug|x86.ActiveCfg = Debug|Win32
		{C9397833-BD7D-4E5D-BA98-D79871438027}.Debug|x86.Build.0 = Debug|Win32
		{C9397833-BD7D-4E5D-BA98-D79871438027}.Release|x64.ActiveCfg = Release|x64
		{C9397833-BD7D-4E5D-BA98-D79871438027}.Release|x64.Build.0 = Release|x64
		{C9397833-BD7D-4E5D-BA98-D79871438027}.Release|x86.ActiveCfg = Release|Win32
		{C9397833-BD7D-4E5D-BA98-D79871438027}.Release|x86.Build.0 = Release|Win32
		{36E5898D-C75E-4157-88A8-0E5C8E49BC26}.Debug|x64.ActiveCfg = Debug|x64
		{36E5898D-C75E-4157-88A8-0E5C8E49BC26}.Debug|x64.Build.0 = Debug|x64
		{36E5898D-C75E-4157-88A8-0E5C8E49BC26}.Debug|x86.ActiveCfg = Debug|Win32
		{36E5898D-C75E-4157-88A8-0E5C8E49BC26}.Debug|x86.Build.0 = Debug|Win32
		{36E5898D-C75E-4157-88A8-0E5C8E49BC26}.Release|x64.ActiveCfg = Release|x64
		{36E5898D-C75E-4157-88A8-0E5C8E49BC26}.Release|x64.Build.0 = Release|x64
		{36E5898D-C75E-4157-88A8-0E5C8E49BC26}.Release|x86.ActiveCfg = Release|Win32
		{36E5898D-C75E-4157-88A8-0E5C8E49BC26}.Release|x86.Build.0 = Release|Win32
		{993B6DBF-7F23-4BAC-B056-E1F4C94CDE50}.Debug|x64.ActiveCfg = Debug|x64
		{993B6DBF-7F23-4BAC-B056-E1F4C94CDE50}.Debug|x64.Build.0 = Debug|x64
		{993B6DBF-7F23-4BAC-B056-E1F4C94CDE50}.Debug|x86.ActiveCfg = Debug|Win32
		{993B6DBF-7F23-4BAC-B056-E1F4C94CDE50}.Debug|x86.Build.0 = Debug|Win32
		{993B6DBF-7F23-4BAC-B056-E1F4C94CDE50}.Release|x64.ActiveCfg = Release|x64
		{993B6DBF-7F23-4BAC-B056-E1F4C94CDE50}.Release|x64.Build.0 = Release|x64
		{993B6DBF-7F23-4BAC-B056-E1F4C94CDE50}.Release|x86.ActiveCfg = Release|Win32
		{993B6DBF-7F23-4BAC-B056-E1F4C94CDE50}.Release|x86.Build.0 = Release|Win32
		{63A08143-65FE-408B-8C53-B077A629A6BF}.Debug|x64.ActiveCfg = Debug|x64
		{63A08143-65FE-408B-8C53-B077A629A6BF}.Debug|x64.Build.0 = Debug|x64
		{63A08143-65FE-408B-8C53-B077A629A6BF}.Debug|x86.ActiveCfg = Debug|Win32
		{63A08143-65FE-408B-8C53-B077A629A6BF}.Debug|x86.Build.0 = Debug|Win32
		{63A08143-65FE-408B-8C53-B077A629A6BF}.Release|x64.ActiveCfg = Release|x64
		{63A08143-65FE-408B-8C53-B077A629A6BF}.Release|x64.Build.0 = Release|x64
		{63A08143-65FE-408B-8C53-B077A629A6BF}.Release|x86.ActiveCfg = Release|Win32
		{63A08143-65FE-408B-8C53-B077A629A6BF}.Release|x86.Build.0 = Release|Win32
		{E95B14D3-3B47-4298-BE8F-8D76E358E76D}.Debug|x64.ActiveCfg = Debug|x64
		{E95B14D3-3B47-4298-BE8F-8D76E358E76D}.Debug|x64.Build.0 = Debug|x64
		{E95B14D3-3B47-4298-BE8F-8D76E358E76D}.Debug|x86.ActiveCfg = Debug|Win32
		{E95B14D3-3B47-4298-BE8F-8D76E358E76D}.Debug|x86.Build.0 = Debug|Win32
		{E95B14D3-3B47-4298-BE8F-8D76E358E76D}.Release|x64.ActiveCfg = Release|x64
		{E95B14D3-3B47-4298-BE8F-8D76E358E76D}.Release|x64.Build.0 = Release|x64
		{E95B14D3-3B47-4298-BE8F-8D76E358E76D}.Release|x86.ActiveCfg = Release|Win32
		{E95B14D3-3B47-4298-BE8F-8D76E358E76D}.Release|x86.Build.0 = Release|Win32
		{0F43F2A3-6176-4ECE-9560-F741C47304B9}.Debug|x64.ActiveCfg = Debug|x64
		{0F43F2A3-6176-4ECE-9560-F741C47304B9}.Debug|x64.Build.0 = Debug|x64
		{0F43F2A3-6176-4ECE-9560-F741C47304B9}.Debug|x86.ActiveCfg = Debug|Win32
		{0F43F2A3-6176-4ECE-9560-F741C47304B9}.Debug|x86.Build.0 = Debug|Win32
		{0F43F2A3-6176-4ECE-9560-F741C47304B9}.Release|x64.ActiveCfg = Release|x64
		{0F43F2A3-6176-4ECE-9560-F741C47304B9}.Release|x64.Build.0 = Release|x64
		{0F43F2A3-6176-4ECE-9560-F741C47304B9}.Release|x86.ActiveCfg = Release|Win32
		{0F43F2A3-6176-4ECE-9560-F741C47304B9}.Release|x86.Build.0 = Release|Win32
		{A979E6FE-E82C-4ED9-84BD-92AFF0D5F749}.Debug|x64.ActiveCfg = Debug|x64
		{A979E6FE-E82C-4ED9-84BD-92AFF0D5F749}.Debug|x64.Build.0 = Debug|x64
		{A979E6FE-E82C-4ED9-84BD-92AFF0D5F749}.Debug|x86.ActiveCfg = Debug|Win32
		{A979E6FE-E82C-4ED9-84BD-92AFF0D5F749}.Debug|x86.Build.0 = Debug|Win32
		{A979E6FE-E82C-4ED9-84BD-92AFF0D5F749}.Release|x64.ActiveCfg = Release|x64
		{A979E6FE-E82C-4ED9-84BD-92AFF0D5F749}.Release|x64.Build.0 = Release|x64
		{A979E6FE-E82C-4ED9-84BD-92AFF0D5F749}.Release|x86.ActiveCfg = Release|Win32
		{A979E6FE-E82C-4ED9-84BD-92AFF0D5F749}.Release|x86.Build.0 = Release|Win32
		{55A93FC2-B3B6-4276-8BFA-2424CCC3A5B7}.Debug|x64.ActiveCfg = Debug|x64
		{55A93FC2-B3B6-4276-8BFA-2424CCC3A5B7}.Debug|x64.Build.0 = Debug|x64
		{55A93FC2-B3B6-4276-8BFA-2424CCC3A5B7}.Debug|x86.ActiveCfg = Debug|Win32
		{55A93FC2-B3B6-4276-8BFA-2424CCC3A5B7}.Debug|x86.Build.0 = Debug|Win32
		{55A93FC2-B3B6-4276-8BFA-2424CCC3A5B7}.Release|x64.ActiveCfg = Release|x64
		{55A93FC2-B3B6-4276-8BFA-2424CCC3A5B7}.Release|x64.Build.0 = Release|x64
		{55A93FC2-B3B6-4276-8BFA-2424CCC3A5B7}.Release|x86.ActiveCfg = Release|Win32
		{55A93FC2-B3B6-4276-8BFA-2424CCC3A5B7}.Release|x86.Build.0 = Release|Win32
		{0A382E7C-2886-475E-86E7-3595D36B424E}.Debug|x64.ActiveCfg = Debug|x64
		{0A382E7C-2886-475E-86E7-3595D36B424E}.Debug|x64.Build.0 = Debug|x64
		{0A382E7C-2886-475E-86E7-3595D36B424E}.Debug|x86.ActiveCfg = Debug|Win32
		{0A382E7C-2886-475E-86E7-3595D36B424E}.Debug|x86.Build.0 = Debug|Win32
		{0A382E7C-2886-475E-86E7-3595D36B424E}.Release|x64.ActiveCfg = Release|x64
		{0A382E7C-2886-475E-86E7-3595D36B424E}.Release|x64.Build.0 = Release|x64
		{0A382E7C-2886-475E-86E7-3595D36B424E}.Release|x86.ActiveCfg = Release|Win32
		{0A382E7C-2886-475E-86E7-3595D36B424E}.Release|x86.Build.0 = Release|Win32
		{6FDEDC01-C64E-4D5B-81BF-EFD8AEF6ABA3}.Debug|x64.ActiveCfg = Debug|x64
		{6FDEDC01-C64E-4D5B-81BF-EFD8AEF6ABA3}.Debug|x64.Build.0 = Debug|x64
		{6FDEDC01-C64E-4D5B-81BF-EFD8AEF6ABA3}.Debug|x86.ActiveCfg = Debug|Win32
		{6FDEDC01-C64E-4D5B-81BF-EFD8AEF6ABA3}.Debug|x86.Build.0 = Debug|Win32
		{6FDEDC01-C64E-4D5B-81BF-EFD8AEF6ABA3}.Release|x64.ActiveCfg = Release|x64
		{6FDEDC01-C64E-4D5B-81BF-EFD8AEF6ABA3}.Release|x64.Build.0 = Release|x64
		{6FDEDC01-C64E-4D5B-81BF-EFD8AEF6ABA3}.Release|x86.ActiveCfg = Release|Win32
		{6FDEDC01-C64E-4D5B-81BF-EFD8AEF6ABA3}.Release|x86.Build.0 = Release|Win32
		{B67FCFC0-B872-4BE9-96F6-B94097F122D6}.Debug|x64.ActiveCfg = Debug|x64
		{B67FCFC0-B872-4BE9-96F6-B94097F122D6}.Debug|x64.Build.0 = Debug|x64
		{B67FCFC0-B872-4BE9-96F6-B94097F122D6}.Debug|x86.ActiveCfg = Debug|Win32
		{B67FCFC0-B872-4BE9-96F6-B94097F122D6}.Debug|x86.Build.0 = Debug|Win32
		{B67FCFC0-B872-4BE9-96F6-B94097F122D6}.Release|x64.ActiveCfg = Release|x64
		{B67FCFC0-B872-4BE9-96F6-B94097F122D6}.Release|x64.Build.0 = Release|x64
		{B67FCFC0-B872-4BE9-96F6-B94097F122D6}.Release|x86.ActiveCfg = Release|Win32
		{B67FCFC0-B872-4BE9-96F6-B94097F122D6}.Release|x86.Build.0 = Release|Win32
		{30AA14CF-8BB0-43CF-9D09-25111E4484FE}.Debug|x64.ActiveCfg = Debug|x64
		{30AA14CF-8BB0-43CF-9D09-25111E4484FE}.Debug|x64.Build.0 = Debug|x64
		{30AA14CF-8BB0-43CF-9D09-25111E4484FE}.Debug|x86.ActiveCfg = Debug|Win32
		{30AA14CF-8BB0-43CF-9D09-25111E4484FE}.Debug|x86.Build.0 = Debug|Win32
		{30AA14CF-8BB0-43CF-9D09-25111E4484FE}.Release|x64.ActiveCfg = Release|x64
		{30AA14CF-8BB0-43CF-9D09-25111E4484FE}.Release|x64.Build.0 = Release|x64
		{30AA14CF-8BB0-43CF-9D09-25111E4484FE}.Release|x86.ActiveCfg = Release|Win32
		{30AA14CF-8BB0-43CF-9D09-25111E4484FE}.Release|x86.Build.0 = Release|Win32
	EndGlobalSection
	GlobalSection(SolutionProperties) = preSolution
		HideSolutionNode = FALSE
	EndGlobalSection
	GlobalSection(ExtensibilityGlobals) = postSolution
		SolutionGuid = {843C79C4-260C-4DA8-86B7-3282228DAEFD}
	EndGlobalSection
EndGlobal
