<?xml version="1.0" encoding="utf-8"?>
<Project ToolsVersion="4.0" xmlns="http://schemas.microsoft.com/developer/msbuild/2003">
  <ItemGroup>
    <Filter Include="Logic">
      <UniqueIdentifier>{6e2432a4-1a18-4326-aa90-96b5b8d3fcdc}</UniqueIdentifier>
    </Filter>
    <Filter Include="Data">
      <UniqueIdentifier>{8f8aa1cb-8932-48a1-8585-886e90ff0dc5}</UniqueIdentifier>
    </Filter>
  </ItemGroup>
  <ItemGroup>
    <ClCompile Include="main.cpp">
      <Filter>Logic</Filter>
    </ClCompile>
    <ClCompile Include="metadata.cpp">
      <Filter>Logic</Filter>
    </ClCompile>
    <ClCompile Include="interface.cpp">
      <Filter>Logic</Filter>
    </ClCompile>
    <ClCompile Include="costable.cpp">
      <Filter>Logic</Filter>
    </ClCompile>
    <ClCompile Include="building.cpp">
      <Filter>Logic</Filter>
    </ClCompile>
    <ClCompile Include="player.cpp">
      <Filter>Logic</Filter>
    </ClCompile>
    <ClCompile Include="combatable.cpp">
      <Filter>Logic</Filter>
    </ClCompile>
    <ClCompile Include="province.cpp">
      <Filter>Logic</Filter>
    </ClCompile>
    <ClCompile Include="scripting.cpp">
      <Filter>Logic</Filter>
    </ClCompile>
  </ItemGroup>
  <ItemGroup>
    <Text Include="rules\Basic.txt">
      <Filter>Data</Filter>
    </Text>
    <Text Include="errors.txt">
      <Filter>Data</Filter>
    </Text>
    <Text Include="locale\ru\Names.txt">
      <Filter>Data</Filter>
    </Text>
  </ItemGroup>
  <ItemGroup>
    <ClInclude Include="costable.h">
      <Filter>Logic</Filter>
    </ClInclude>
    <ClInclude Include="building.h">
      <Filter>Logic</Filter>
    </ClInclude>
    <ClInclude Include="province.h">
      <Filter>Logic</Filter>
    </ClInclude>
    <ClInclude Include="landscape.h">
      <Filter>Logic</Filter>
    </ClInclude>
    <ClInclude Include="bsref.h">
      <Filter>Logic</Filter>
    </ClInclude>
    <ClInclude Include="player.h">
      <Filter>Logic</Filter>
    </ClInclude>
    <ClInclude Include="combatable.h">
      <Filter>Logic</Filter>
    </ClInclude>
    <ClInclude Include="unit.h">
      <Filter>Logic</Filter>
    </ClInclude>
    <ClInclude Include="site.h">
      <Filter>Logic</Filter>
    </ClInclude>
  </ItemGroup>
  <ItemGroup>
    <None Include="maps\silentseas.map">
      <Filter>Data</Filter>
    </None>
  </ItemGroup>
</Project>