<?xml version="1.0" encoding="utf-8"?>
<Project ToolsVersion="4.0" xmlns="http://schemas.microsoft.com/developer/msbuild/2003">
  <ItemGroup>
    <Filter Include="Logic">
      <UniqueIdentifier>{6e2432a4-1a18-4326-aa90-96b5b8d3fcdc}</UniqueIdentifier>
    </Filter>
    <Filter Include="Data">
      <UniqueIdentifier>{8f8aa1cb-8932-48a1-8585-886e90ff0dc5}</UniqueIdentifier>
    </Filter>
    <Filter Include="Utils">
      <UniqueIdentifier>{c410de39-c3f1-4fda-b322-284268bf5705}</UniqueIdentifier>
    </Filter>
    <Filter Include="Locale">
      <UniqueIdentifier>{7bcefb8f-8481-494d-9aec-cb4f5c96bcfb}</UniqueIdentifier>
    </Filter>
  </ItemGroup>
  <ItemGroup>
    <ClCompile Include="main.cpp">
      <Filter>Logic</Filter>
    </ClCompile>
    <ClCompile Include="metadata.cpp">
      <Filter>Logic</Filter>
    </ClCompile>
    <ClCompile Include="interface.cpp">
      <Filter>Logic</Filter>
    </ClCompile>
    <ClCompile Include="statable.cpp">
      <Filter>Logic</Filter>
    </ClCompile>
    <ClCompile Include="player.cpp">
      <Filter>Logic</Filter>
    </ClCompile>
    <ClCompile Include="province.cpp">
      <Filter>Logic</Filter>
    </ClCompile>
    <ClCompile Include="scripting.cpp">
      <Filter>Logic</Filter>
    </ClCompile>
    <ClCompile Include="calendar.cpp">
      <Filter>Logic</Filter>
    </ClCompile>
    <ClCompile Include="log_text.cpp">
      <Filter>Logic</Filter>
    </ClCompile>
    <ClCompile Include="main_util.cpp">
      <Filter>Utils</Filter>
    </ClCompile>
    <ClCompile Include="site.cpp">
      <Filter>Logic</Filter>
    </ClCompile>
    <ClCompile Include="costitem.cpp">
      <Filter>Logic</Filter>
    </ClCompile>
    <ClCompile Include="army.cpp">
      <Filter>Logic</Filter>
    </ClCompile>
    <ClCompile Include="action.cpp">
      <Filter>Logic</Filter>
    </ClCompile>
    <ClCompile Include="information.cpp">
      <Filter>Logic</Filter>
    </ClCompile>
    <ClCompile Include="report.cpp">
      <Filter>Logic</Filter>
    </ClCompile>
    <ClCompile Include="actable.cpp">
      <Filter>Logic</Filter>
    </ClCompile>
    <ClCompile Include="serial.cpp">
      <Filter>Logic</Filter>
    </ClCompile>
    <ClCompile Include="moveorder.cpp">
      <Filter>Logic</Filter>
    </ClCompile>
    <ClCompile Include="entity.cpp">
      <Filter>Logic</Filter>
    </ClCompile>
    <ClCompile Include="deck.cpp">
      <Filter>Logic</Filter>
    </ClCompile>
    <ClCompile Include="feat.cpp">
      <Filter>Logic</Filter>
    </ClCompile>
    <ClCompile Include="relation.cpp">
      <Filter>Logic</Filter>
    </ClCompile>
  </ItemGroup>
  <ItemGroup>
    <Text Include="rules\Basic.txt">
      <Filter>Data</Filter>
    </Text>
    <Text Include="errors.txt">
      <Filter>Data</Filter>
    </Text>
    <Text Include="rules\Tactics.txt">
      <Filter>Data</Filter>
    </Text>
    <Text Include="locale\ru\Actions.txt">
      <Filter>Locale</Filter>
    </Text>
    <Text Include="locale\ru\Buildings.txt">
      <Filter>Locale</Filter>
    </Text>
    <Text Include="locale\ru\Names.txt">
      <Filter>Locale</Filter>
    </Text>
    <Text Include="locale\ru\Provinces.txt">
      <Filter>Locale</Filter>
    </Text>
    <Text Include="locale\ru\Site.txt">
      <Filter>Locale</Filter>
    </Text>
    <Text Include="locale\ru\Tactics.txt">
      <Filter>Locale</Filter>
    </Text>
    <Text Include="locale\ru\UnknownNames.txt">
      <Filter>Locale</Filter>
    </Text>
    <Text Include="locale\ru\Calendar.txt">
      <Filter>Locale</Filter>
    </Text>
    <Text Include="locale\ru\Abilities.txt">
      <Filter>Locale</Filter>
    </Text>
  </ItemGroup>
  <ItemGroup>
    <ClInclude Include="statable.h">
      <Filter>Logic</Filter>
    </ClInclude>
    <ClInclude Include="province.h">
      <Filter>Logic</Filter>
    </ClInclude>
    <ClInclude Include="landscape.h">
      <Filter>Logic</Filter>
    </ClInclude>
    <ClInclude Include="player.h">
      <Filter>Logic</Filter>
    </ClInclude>
    <ClInclude Include="site.h">
      <Filter>Logic</Filter>
    </ClInclude>
    <ClInclude Include="game.h">
      <Filter>Logic</Filter>
    </ClInclude>
    <ClInclude Include="special.h">
      <Filter>Logic</Filter>
    </ClInclude>
    <ClInclude Include="calendar.h">
      <Filter>Logic</Filter>
    </ClInclude>
    <ClInclude Include="costitem.h">
      <Filter>Logic</Filter>
    </ClInclude>
    <ClInclude Include="army.h">
      <Filter>Logic</Filter>
    </ClInclude>
    <ClInclude Include="action.h">
      <Filter>Logic</Filter>
    </ClInclude>
    <ClInclude Include="report.h">
      <Filter>Logic</Filter>
    </ClInclude>
    <ClInclude Include="actable.h">
      <Filter>Logic</Filter>
    </ClInclude>
    <ClInclude Include="moveorder.h">
      <Filter>Logic</Filter>
    </ClInclude>
    <ClInclude Include="entity.h">
      <Filter>Logic</Filter>
    </ClInclude>
    <ClInclude Include="card.h">
      <Filter>Logic</Filter>
    </ClInclude>
    <ClInclude Include="deck.h">
      <Filter>Logic</Filter>
    </ClInclude>
    <ClInclude Include="feat.h">
      <Filter>Logic</Filter>
    </ClInclude>
    <ClInclude Include="cardaf.h">
      <Filter>Logic</Filter>
    </ClInclude>
    <ClInclude Include="relation.h">
      <Filter>Logic</Filter>
    </ClInclude>
  </ItemGroup>
  <ItemGroup>
    <None Include="maps\silentseas.txt">
      <Filter>Data</Filter>
    </None>
  </ItemGroup>
</Project>