<?xml version="1.0" encoding="utf-8"?>
<Project ToolsVersion="4.0" xmlns="http://schemas.microsoft.com/developer/msbuild/2003">
  <ItemGroup>
    <Filter Include="locale">
      <UniqueIdentifier>{62c78375-d7a6-4d24-ba37-2b6e51eecdd4}</UniqueIdentifier>
    </Filter>
    <Filter Include="logic">
      <UniqueIdentifier>{77840b26-50c0-4e5c-8a3b-094abb1218e8}</UniqueIdentifier>
    </Filter>
    <Filter Include="data">
      <UniqueIdentifier>{03e68074-4a06-4e06-adcb-9e659f5d4cce}</UniqueIdentifier>
    </Filter>
  </ItemGroup>
  <ItemGroup>
    <ClCompile Include="main.cpp">
      <Filter>logic</Filter>
    </ClCompile>
    <ClCompile Include="metadata.cpp">
      <Filter>logic</Filter>
    </ClCompile>
    <ClCompile Include="actable.cpp">
      <Filter>logic</Filter>
    </ClCompile>
    <ClCompile Include="value.cpp">
      <Filter>logic</Filter>
    </ClCompile>
    <ClCompile Include="ability.cpp">
      <Filter>logic</Filter>
    </ClCompile>
    <ClCompile Include="creature.cpp">
      <Filter>logic</Filter>
    </ClCompile>
    <ClCompile Include="scripting.cpp">
      <Filter>logic</Filter>
    </ClCompile>
    <ClCompile Include="modifier.cpp">
      <Filter>logic</Filter>
    </ClCompile>
    <ClCompile Include="wear.cpp">
      <Filter>logic</Filter>
    </ClCompile>
    <ClCompile Include="item.cpp">
      <Filter>logic</Filter>
    </ClCompile>
    <ClCompile Include="size.cpp">
      <Filter>logic</Filter>
    </ClCompile>
    <ClCompile Include="damage.cpp">
      <Filter>logic</Filter>
    </ClCompile>
    <ClCompile Include="state.cpp">
      <Filter>logic</Filter>
    </ClCompile>
    <ClCompile Include="skillroll.cpp">
      <Filter>logic</Filter>
    </ClCompile>
    <ClCompile Include="wearable.cpp">
      <Filter>logic</Filter>
    </ClCompile>
    <ClCompile Include="forcepower.cpp">
      <Filter>logic</Filter>
    </ClCompile>
    <ClCompile Include="prototype.cpp">
      <Filter>logic</Filter>
    </ClCompile>
    <ClCompile Include="action.cpp">
      <Filter>logic</Filter>
    </ClCompile>
    <ClCompile Include="skill.cpp">
      <Filter>logic</Filter>
    </ClCompile>
    <ClCompile Include="area.cpp">
      <Filter>logic</Filter>
    </ClCompile>
    <ClCompile Include="placeable.cpp">
      <Filter>logic</Filter>
    </ClCompile>
    <ClCompile Include="printer.cpp">
      <Filter>logic</Filter>
    </ClCompile>
  </ItemGroup>
  <ItemGroup>
    <Text Include="rules\Basic.txt">
      <Filter>data</Filter>
    </Text>
    <Text Include="rules\Items.txt">
      <Filter>data</Filter>
    </Text>
    <Text Include="errors.txt">
      <Filter>data</Filter>
    </Text>
    <Text Include="rules\Advance.txt">
      <Filter>data</Filter>
    </Text>
    <Text Include="rules\Feats.txt">
      <Filter>data</Filter>
    </Text>
    <Text Include="rules\SkillRoll.txt">
      <Filter>data</Filter>
    </Text>
    <Text Include="locale\ru\Quest.txt">
      <Filter>locale</Filter>
    </Text>
    <Text Include="rules\Skills.txt">
      <Filter>data</Filter>
    </Text>
    <Text Include="rules\Classes.txt">
      <Filter>data</Filter>
    </Text>
    <Text Include="rules\Prototype.txt">
      <Filter>data</Filter>
    </Text>
    <Text Include="rules\Actions.txt">
      <Filter>data</Filter>
    </Text>
    <Text Include="locale\ru\names\NamesNewbe.txt">
      <Filter>locale</Filter>
    </Text>
    <Text Include="locale\ru\names\Actions.txt">
      <Filter>locale</Filter>
    </Text>
    <Text Include="locale\ru\names\Areas.txt">
      <Filter>locale</Filter>
    </Text>
    <Text Include="locale\ru\names\Names.txt">
      <Filter>locale</Filter>
    </Text>
    <Text Include="locale\ru\names\Items.txt">
      <Filter>locale</Filter>
    </Text>
  </ItemGroup>
  <ItemGroup>
    <ClInclude Include="classi.h">
      <Filter>logic</Filter>
    </ClInclude>
    <ClInclude Include="skill.h">
      <Filter>logic</Filter>
    </ClInclude>
    <ClInclude Include="actable.h">
      <Filter>logic</Filter>
    </ClInclude>
    <ClInclude Include="creature.h">
      <Filter>logic</Filter>
    </ClInclude>
    <ClInclude Include="valuei.h">
      <Filter>logic</Filter>
    </ClInclude>
    <ClInclude Include="ability.h">
      <Filter>logic</Filter>
    </ClInclude>
    <ClInclude Include="modifier.h">
      <Filter>logic</Filter>
    </ClInclude>
    <ClInclude Include="advance.h">
      <Filter>logic</Filter>
    </ClInclude>
    <ClInclude Include="wear.h">
      <Filter>logic</Filter>
    </ClInclude>
    <ClInclude Include="item.h">
      <Filter>logic</Filter>
    </ClInclude>
    <ClInclude Include="feat.h">
      <Filter>logic</Filter>
    </ClInclude>
    <ClInclude Include="size.h">
      <Filter>logic</Filter>
    </ClInclude>
    <ClInclude Include="damage.h">
      <Filter>logic</Filter>
    </ClInclude>
    <ClInclude Include="state.h">
      <Filter>logic</Filter>
    </ClInclude>
    <ClInclude Include="skillroll.h">
      <Filter>logic</Filter>
    </ClInclude>
    <ClInclude Include="wearable.h">
      <Filter>logic</Filter>
    </ClInclude>
    <ClInclude Include="forcepower.h">
      <Filter>logic</Filter>
    </ClInclude>
    <ClInclude Include="relation.h">
      <Filter>logic</Filter>
    </ClInclude>
    <ClInclude Include="prototype.h">
      <Filter>logic</Filter>
    </ClInclude>
    <ClInclude Include="action.h">
      <Filter>logic</Filter>
    </ClInclude>
    <ClInclude Include="area.h">
      <Filter>logic</Filter>
    </ClInclude>
    <ClInclude Include="placeable.h">
      <Filter>logic</Filter>
    </ClInclude>
  </ItemGroup>
</Project>