<?xml version="1.0" encoding="utf-8"?>
<Project ToolsVersion="4.0" xmlns="http://schemas.microsoft.com/developer/msbuild/2003">
  <ItemGroup>
    <Filter Include="logic">
      <UniqueIdentifier>{79b0a074-2fae-4454-98a7-4e7d67d64e2a}</UniqueIdentifier>
    </Filter>
    <Filter Include="rules">
      <UniqueIdentifier>{897b2ef3-b9dd-4400-94f2-9e226a60f7af}</UniqueIdentifier>
    </Filter>
    <Filter Include="locale">
      <UniqueIdentifier>{6e40ffa7-20cb-49df-8821-55e081100b59}</UniqueIdentifier>
    </Filter>
    <Filter Include="locale\ru">
      <UniqueIdentifier>{b40d0cc1-4ad2-45b6-8868-983af53e17e3}</UniqueIdentifier>
    </Filter>
    <Filter Include="locale\ru\actions">
      <UniqueIdentifier>{6af07622-a95e-406b-b558-fd605eb2ec80}</UniqueIdentifier>
    </Filter>
    <Filter Include="locale\ru\speech">
      <UniqueIdentifier>{91c43105-203e-4286-ad9b-c5f8831655c3}</UniqueIdentifier>
    </Filter>
    <Filter Include="locale\ru\names">
      <UniqueIdentifier>{39822d7f-03d0-4100-94e8-0e933a5fd577}</UniqueIdentifier>
    </Filter>
  </ItemGroup>
  <ItemGroup>
    <ClCompile Include="main.cpp">
      <Filter>logic</Filter>
    </ClCompile>
    <ClCompile Include="modifier.cpp">
      <Filter>logic</Filter>
    </ClCompile>
    <ClCompile Include="module.cpp">
      <Filter>logic</Filter>
    </ClCompile>
    <ClCompile Include="scripting.cpp">
      <Filter>logic</Filter>
    </ClCompile>
    <ClCompile Include="ship.cpp">
      <Filter>logic</Filter>
    </ClCompile>
    <ClCompile Include="metadata.cpp">
      <Filter>logic</Filter>
    </ClCompile>
    <ClCompile Include="information.cpp">
      <Filter>logic</Filter>
    </ClCompile>
  </ItemGroup>
  <ItemGroup>
    <ClInclude Include="modifier.h">
      <Filter>logic</Filter>
    </ClInclude>
    <ClInclude Include="module.h">
      <Filter>logic</Filter>
    </ClInclude>
    <ClInclude Include="ship.h">
      <Filter>logic</Filter>
    </ClInclude>
  </ItemGroup>
  <ItemGroup>
    <Text Include="errors.txt">
      <Filter>rules</Filter>
    </Text>
    <Text Include="rules\Basic.txt">
      <Filter>rules</Filter>
    </Text>
    <Text Include="rules\Ships.txt">
      <Filter>rules</Filter>
    </Text>
    <Text Include="locale\ru\actions\Snow.txt">
      <Filter>locale\ru\actions</Filter>
    </Text>
    <Text Include="locale\ru\actions\Encounter.txt">
      <Filter>locale\ru\actions</Filter>
    </Text>
    <Text Include="locale\ru\speech\Encounter.txt">
      <Filter>locale\ru\speech</Filter>
    </Text>
    <Text Include="locale\ru\names\Names.txt">
      <Filter>locale\ru\names</Filter>
    </Text>
    <Text Include="locale\ru\names\Ships.txt">
      <Filter>locale\ru\names</Filter>
    </Text>
  </ItemGroup>
</Project>