<?xml version="1.0" encoding="utf-8"?>
<Project ToolsVersion="4.0" xmlns="http://schemas.microsoft.com/developer/msbuild/2003">
  <ItemGroup>
    <ClCompile Include="ability.cpp">
      <Filter>Logic</Filter>
    </ClCompile>
    <ClCompile Include="indicator.cpp">
      <Filter>Logic</Filter>
    </ClCompile>
    <ClCompile Include="main.cpp">
      <Filter>Logic</Filter>
    </ClCompile>
    <ClCompile Include="metadata.cpp">
      <Filter>Logic</Filter>
    </ClCompile>
    <ClCompile Include="script.cpp">
      <Filter>Logic</Filter>
    </ClCompile>
    <ClCompile Include="tag.cpp">
      <Filter>Logic</Filter>
    </ClCompile>
    <ClCompile Include="cardtype.cpp">
      <Filter>Logic</Filter>
    </ClCompile>
    <ClCompile Include="trigger.cpp">
      <Filter>Logic</Filter>
    </ClCompile>
    <ClCompile Include="interface.cpp">
      <Filter>Logic</Filter>
    </ClCompile>
    <ClCompile Include="realm.cpp">
      <Filter>Logic</Filter>
    </ClCompile>
    <ClCompile Include="main_util.cpp">
      <Filter>Logic</Filter>
    </ClCompile>
    <ClCompile Include="player.cpp">
      <Filter>Logic</Filter>
    </ClCompile>
    <ClCompile Include="deck.cpp">
      <Filter>Logic</Filter>
    </ClCompile>
    <ClCompile Include="cardpool.cpp">
      <Filter>Logic</Filter>
    </ClCompile>
    <ClCompile Include="game.cpp">
      <Filter>Logic</Filter>
    </ClCompile>
    <ClCompile Include="location.cpp">
      <Filter>Logic</Filter>
    </ClCompile>
    <ClCompile Include="gamef.cpp">
      <Filter>Logic</Filter>
    </ClCompile>
  </ItemGroup>
  <ItemGroup>
    <Filter Include="Logic">
      <UniqueIdentifier>{bc2d15cc-8017-419b-89d8-babbe781eb92}</UniqueIdentifier>
    </Filter>
    <Filter Include="Data">
      <UniqueIdentifier>{968189f7-b5c0-4519-98cf-ca8103e78aec}</UniqueIdentifier>
    </Filter>
    <Filter Include="Encounters">
      <UniqueIdentifier>{9437800f-bcb9-4340-a258-4e20f8d29b1a}</UniqueIdentifier>
    </Filter>
  </ItemGroup>
  <ItemGroup>
    <ClInclude Include="main.h">
      <Filter>Logic</Filter>
    </ClInclude>
  </ItemGroup>
  <ItemGroup>
    <Text Include="errors.txt">
      <Filter>Data</Filter>
    </Text>
    <Text Include="rules\Basic.txt">
      <Filter>Data</Filter>
    </Text>
    <Text Include="rules\Items.txt">
      <Filter>Data</Filter>
    </Text>
    <Text Include="rules\Monsters.txt">
      <Filter>Data</Filter>
    </Text>
    <Text Include="locale\ru\Names.txt">
      <Filter>Data</Filter>
    </Text>
    <Text Include="rules\Worldmap.txt">
      <Filter>Data</Filter>
    </Text>
    <Text Include="locale\ru\TrainStation.txt">
      <Filter>Encounters</Filter>
    </Text>
    <Text Include="locale\ru\Newspaper.txt">
      <Filter>Encounters</Filter>
    </Text>
    <Text Include="locale\ru\ArkhamAsylum.txt">
      <Filter>Encounters</Filter>
    </Text>
    <Text Include="locale\ru\NamesOf.txt">
      <Filter>Data</Filter>
    </Text>
    <Text Include="locale\ru\NamesPl.txt">
      <Filter>Data</Filter>
    </Text>
    <Text Include="locale\ru\HistoricalSociety.txt">
      <Filter>Encounters</Filter>
    </Text>
    <Text Include="rules\Investigators.txt">
      <Filter>Data</Filter>
    </Text>
    <Text Include="locale\ru\TheWitchHouse.txt">
      <Filter>Encounters</Filter>
    </Text>
    <Text Include="locale\ru\CuriositieShoppe.txt">
      <Filter>Encounters</Filter>
    </Text>
    <Text Include="locale\ru\BankOfArkham.txt">
      <Filter>Encounters</Filter>
    </Text>
    <Text Include="locale\ru\VelmasDiner.txt">
      <Filter>Encounters</Filter>
    </Text>
    <Text Include="locale\ru\MasBoardingHouse.txt">
      <Filter>Encounters</Filter>
    </Text>
    <Text Include="locale\ru\SilverTwilightLodge.txt">
      <Filter>Encounters</Filter>
    </Text>
    <Text Include="locale\ru\AdministrationBuilding.txt">
      <Filter>Encounters</Filter>
    </Text>
    <Text Include="locale\ru\Other.txt">
      <Filter>Encounters</Filter>
    </Text>
    <Text Include="locale\ru\UnvisitedIsle.txt">
      <Filter>Encounters</Filter>
    </Text>
    <Text Include="locale\ru\IndependenceSquare.txt">
      <Filter>Encounters</Filter>
    </Text>
    <Text Include="locale\ru\Descriptions.txt">
      <Filter>Data</Filter>
    </Text>
    <Text Include="locale\ru\Library.txt">
      <Filter>Encounters</Filter>
    </Text>
    <Text Include="locale\ru\StMarysHospital.txt">
      <Filter>Encounters</Filter>
    </Text>
  </ItemGroup>
</Project>