<?xml version="1.0" encoding="utf-8"?>
<Project ToolsVersion="4.0" xmlns="http://schemas.microsoft.com/developer/msbuild/2003">
  <ItemGroup>
    <ClCompile Include="main.cpp">
      <Filter>Логика</Filter>
    </ClCompile>
    <ClCompile Include="metadata.cpp">
      <Filter>Логика</Filter>
    </ClCompile>
    <ClCompile Include="mission.cpp">
      <Filter>Логика</Filter>
    </ClCompile>
    <ClCompile Include="tag.cpp">
      <Filter>Логика</Filter>
    </ClCompile>
    <ClCompile Include="script.cpp">
      <Filter>Логика</Filter>
    </ClCompile>
    <ClCompile Include="abilitya.cpp">
      <Filter>Логика</Filter>
    </ClCompile>
    <ClCompile Include="state.cpp">
      <Filter>Логика</Filter>
    </ClCompile>
    <ClCompile Include="code.cpp">
      <Filter>Логика</Filter>
    </ClCompile>
    <ClCompile Include="interface.cpp">
      <Filter>Логика</Filter>
    </ClCompile>
    <ClCompile Include="posable.cpp">
      <Filter>Логика</Filter>
    </ClCompile>
    <ClCompile Include="nameable.cpp">
      <Filter>Логика</Filter>
    </ClCompile>
    <ClCompile Include="planet_resource.cpp">
      <Filter>Логика</Filter>
    </ClCompile>
  </ItemGroup>
  <ItemGroup>
    <Filter Include="Логика">
      <UniqueIdentifier>{47534718-efd7-4009-aecc-0d6310c1a3b5}</UniqueIdentifier>
    </Filter>
    <Filter Include="Данные">
      <UniqueIdentifier>{2a62f64f-dc5d-42f6-9dee-cc36c5ec5ed2}</UniqueIdentifier>
    </Filter>
    <Filter Include="locale">
      <UniqueIdentifier>{6bebcafa-be67-47c2-87bf-227462361003}</UniqueIdentifier>
    </Filter>
  </ItemGroup>
  <ItemGroup>
    <ClInclude Include="main.h">
      <Filter>Логика</Filter>
    </ClInclude>
    <ClInclude Include="script.h">
      <Filter>Логика</Filter>
    </ClInclude>
    <ClInclude Include="timeable.h">
      <Filter>Логика</Filter>
    </ClInclude>
    <ClInclude Include="posable.h">
      <Filter>Логика</Filter>
    </ClInclude>
    <ClInclude Include="nameable.h">
      <Filter>Логика</Filter>
    </ClInclude>
  </ItemGroup>
  <ItemGroup>
    <Text Include="errors.txt">
      <Filter>Данные</Filter>
    </Text>
    <Text Include="locale\ru\Names.txt">
      <Filter>Данные</Filter>
    </Text>
    <Text Include="rules\Basic.txt">
      <Filter>Данные</Filter>
    </Text>
    <Text Include="rules\Grammar.txt">
      <Filter>Данные</Filter>
    </Text>
    <Text Include="rules\Galaxy.txt">
      <Filter>Данные</Filter>
    </Text>
    <Text Include="locale\ru\PlanetNames.txt">
      <Filter>Данные</Filter>
    </Text>
    <Text Include="locale\ru\NamesNewbe.txt">
      <Filter>Данные</Filter>
    </Text>
    <Text Include="rules\Quest.txt">
      <Filter>Данные</Filter>
    </Text>
    <Text Include="locale\ru\Descriptions.txt">
      <Filter>locale</Filter>
    </Text>
    <Text Include="locale\ru\NamesOf.txt">
      <Filter>Данные</Filter>
    </Text>
  </ItemGroup>
</Project>