<?xml version="1.0" encoding="utf-8"?>
<Project ToolsVersion="4.0" xmlns="http://schemas.microsoft.com/developer/msbuild/2003">
  <ItemGroup>
    <ClCompile Include="main.cpp">
      <Filter>logic</Filter>
    </ClCompile>
    <ClCompile Include="metadata.cpp">
      <Filter>logic</Filter>
    </ClCompile>
    <ClCompile Include="test_code.cpp">
      <Filter>logic</Filter>
    </ClCompile>
    <ClCompile Include="view_code_tree.cpp">
      <Filter>logic</Filter>
    </ClCompile>
    <ClCompile Include="viewpackage.cpp">
      <Filter>logic</Filter>
    </ClCompile>
  </ItemGroup>
  <ItemGroup>
    <Filter Include="logic">
      <UniqueIdentifier>{7308f9ee-994d-468d-b03a-78ce79924108}</UniqueIdentifier>
    </Filter>
    <Filter Include="locale">
      <UniqueIdentifier>{5553ccbf-a1e3-4d8f-a9c7-b44a01c51fc8}</UniqueIdentifier>
    </Filter>
    <Filter Include="data">
      <UniqueIdentifier>{abdead2d-1997-4f57-ba6d-72ae50511a87}</UniqueIdentifier>
    </Filter>
    <Filter Include="code">
      <UniqueIdentifier>{274ed5c0-8e3c-4d9d-94b5-ac788c185115}</UniqueIdentifier>
    </Filter>
  </ItemGroup>
  <ItemGroup>
    <Text Include="rules\Basic.txt">
      <Filter>data</Filter>
    </Text>
    <Text Include="locale\ru\Names.txt">
      <Filter>locale</Filter>
    </Text>
    <Text Include="errors.txt">
      <Filter>data</Filter>
    </Text>
  </ItemGroup>
  <ItemGroup>
    <None Include="code\test.c2">
      <Filter>code</Filter>
    </None>
  </ItemGroup>
  <ItemGroup>
    <ClInclude Include="viewpackage.h">
      <Filter>logic</Filter>
    </ClInclude>
    <ClInclude Include="code_lexer.h">
      <Filter>logic</Filter>
    </ClInclude>
  </ItemGroup>
</Project>