<?xml version="1.0" encoding="utf-8"?>
<Project ToolsVersion="4.0" xmlns="http://schemas.microsoft.com/developer/msbuild/2003">
  <ItemGroup>
    <Filter Include="logic">
      <UniqueIdentifier>{0cd21abb-564a-4456-bd85-085dfd394713}</UniqueIdentifier>
    </Filter>
    <Filter Include="locale">
      <UniqueIdentifier>{022bc03f-25a8-4246-b337-c133ceda9e78}</UniqueIdentifier>
    </Filter>
    <Filter Include="data">
      <UniqueIdentifier>{0e0f3bf1-1a54-46be-82a5-6bbdeb5b4730}</UniqueIdentifier>
    </Filter>
  </ItemGroup>
  <ItemGroup>
    <ClInclude Include="ability.h">
      <Filter>logic</Filter>
    </ClInclude>
    <ClInclude Include="feat.h">
      <Filter>logic</Filter>
    </ClInclude>
    <ClInclude Include="wear.h">
      <Filter>logic</Filter>
    </ClInclude>
    <ClInclude Include="spell.h">
      <Filter>logic</Filter>
    </ClInclude>
    <ClInclude Include="duration.h">
      <Filter>logic</Filter>
    </ClInclude>
    <ClInclude Include="range.h">
      <Filter>logic</Filter>
    </ClInclude>
    <ClInclude Include="reaction.h">
      <Filter>logic</Filter>
    </ClInclude>
    <ClInclude Include="class.h">
      <Filter>logic</Filter>
    </ClInclude>
    <ClInclude Include="ongoing.h">
      <Filter>logic</Filter>
    </ClInclude>
    <ClInclude Include="wearable.h">
      <Filter>logic</Filter>
    </ClInclude>
    <ClInclude Include="item.h">
      <Filter>logic</Filter>
    </ClInclude>
    <ClInclude Include="treasure.h">
      <Filter>logic</Filter>
    </ClInclude>
    <ClInclude Include="statable.h">
      <Filter>logic</Filter>
    </ClInclude>
    <ClInclude Include="monster.h">
      <Filter>logic</Filter>
    </ClInclude>
    <ClInclude Include="damage.h">
      <Filter>logic</Filter>
    </ClInclude>
    <ClInclude Include="actable.h">
      <Filter>logic</Filter>
    </ClInclude>
    <ClInclude Include="creature.h">
      <Filter>logic</Filter>
    </ClInclude>
    <ClInclude Include="room.h">
      <Filter>logic</Filter>
    </ClInclude>
    <ClInclude Include="roll.h">
      <Filter>logic</Filter>
    </ClInclude>
    <ClInclude Include="modifier.h">
      <Filter>logic</Filter>
    </ClInclude>
    <ClInclude Include="advance.h">
      <Filter>logic</Filter>
    </ClInclude>
    <ClInclude Include="attackable.h">
      <Filter>logic</Filter>
    </ClInclude>
    <ClInclude Include="action.h">
      <Filter>logic</Filter>
    </ClInclude>
    <ClInclude Include="calendar.h">
      <Filter>logic</Filter>
    </ClInclude>
    <ClInclude Include="print.h">
      <Filter>logic</Filter>
    </ClInclude>
  </ItemGroup>
  <ItemGroup>
    <ClCompile Include="main.cpp">
      <Filter>logic</Filter>
    </ClCompile>
    <ClCompile Include="metadata.cpp">
      <Filter>logic</Filter>
    </ClCompile>
    <ClCompile Include="creature.cpp">
      <Filter>logic</Filter>
    </ClCompile>
    <ClCompile Include="ability.cpp">
      <Filter>logic</Filter>
    </ClCompile>
    <ClCompile Include="feat.cpp">
      <Filter>logic</Filter>
    </ClCompile>
    <ClCompile Include="spell.cpp">
      <Filter>logic</Filter>
    </ClCompile>
    <ClCompile Include="range.cpp">
      <Filter>logic</Filter>
    </ClCompile>
    <ClCompile Include="actable.cpp">
      <Filter>logic</Filter>
    </ClCompile>
    <ClCompile Include="scripting.cpp">
      <Filter>logic</Filter>
    </ClCompile>
    <ClCompile Include="creaturea.cpp">
      <Filter>logic</Filter>
    </ClCompile>
    <ClCompile Include="class.cpp">
      <Filter>logic</Filter>
    </ClCompile>
    <ClCompile Include="item.cpp">
      <Filter>logic</Filter>
    </ClCompile>
    <ClCompile Include="wearable.cpp">
      <Filter>logic</Filter>
    </ClCompile>
    <ClCompile Include="wear.cpp">
      <Filter>logic</Filter>
    </ClCompile>
    <ClCompile Include="duration.cpp">
      <Filter>logic</Filter>
    </ClCompile>
    <ClCompile Include="treasure.cpp">
      <Filter>logic</Filter>
    </ClCompile>
    <ClCompile Include="statable.cpp">
      <Filter>logic</Filter>
    </ClCompile>
    <ClCompile Include="information.cpp">
      <Filter>logic</Filter>
    </ClCompile>
    <ClCompile Include="interface.cpp">
      <Filter>logic</Filter>
    </ClCompile>
    <ClCompile Include="roll.cpp">
      <Filter>logic</Filter>
    </ClCompile>
    <ClCompile Include="modifier.cpp">
      <Filter>logic</Filter>
    </ClCompile>
    <ClCompile Include="attackable.cpp">
      <Filter>logic</Filter>
    </ClCompile>
    <ClCompile Include="calendar.cpp">
      <Filter>logic</Filter>
    </ClCompile>
    <ClCompile Include="reaction.cpp">
      <Filter>logic</Filter>
    </ClCompile>
    <ClCompile Include="print.cpp">
      <Filter>logic</Filter>
    </ClCompile>
    <ClCompile Include="monster.cpp">
      <Filter>logic</Filter>
    </ClCompile>
  </ItemGroup>
  <ItemGroup>
    <Text Include="rules\Basic.txt">
      <Filter>data</Filter>
    </Text>
    <Text Include="rules\Monsters.txt">
      <Filter>data</Filter>
    </Text>
    <Text Include="locale\ru\NameCharacters.txt">
      <Filter>locale</Filter>
    </Text>
    <Text Include="rules\Items.txt">
      <Filter>data</Filter>
    </Text>
    <Text Include="rules\RandomGems.txt">
      <Filter>data</Filter>
    </Text>
    <Text Include="locale\ru\Moves.txt">
      <Filter>locale</Filter>
    </Text>
    <Text Include="locale\ru\Dungeons.txt">
      <Filter>locale</Filter>
    </Text>
    <Text Include="errors.txt">
      <Filter>data</Filter>
    </Text>
    <Text Include="locale\ru\names\Names.txt">
      <Filter>locale</Filter>
    </Text>
    <Text Include="locale\ru\names\NamesNewbe.txt">
      <Filter>locale</Filter>
    </Text>
    <Text Include="locale\ru\names\Feats.txt">
      <Filter>locale</Filter>
    </Text>
    <Text Include="rules\Actions.txt">
      <Filter>data</Filter>
    </Text>
    <Text Include="locale\ru\names\Monsters.txt">
      <Filter>locale</Filter>
    </Text>
    <Text Include="locale\ru\names\Items.txt">
      <Filter>locale</Filter>
    </Text>
    <Text Include="locale\ru\names\Actions.txt">
      <Filter>locale</Filter>
    </Text>
  </ItemGroup>
</Project>