<?xml version="1.0" encoding="utf-8"?>
<Project ToolsVersion="4.0" xmlns="http://schemas.microsoft.com/developer/msbuild/2003">
  <ItemGroup>
    <Filter Include="logic">
      <UniqueIdentifier>{b6eb339b-5f01-4fbc-a708-a75a99dcd5c9}</UniqueIdentifier>
    </Filter>
    <Filter Include="locale">
      <UniqueIdentifier>{8b1bc70b-e779-45d3-bf2c-46c838bcccf0}</UniqueIdentifier>
    </Filter>
    <Filter Include="rules">
      <UniqueIdentifier>{c64842cc-3ac0-447e-8385-462673a83702}</UniqueIdentifier>
    </Filter>
  </ItemGroup>
  <ItemGroup>
    <ClInclude Include="entity.h">
      <Filter>logic</Filter>
    </ClInclude>
    <ClInclude Include="ability.h">
      <Filter>logic</Filter>
    </ClInclude>
    <ClInclude Include="unit.h">
      <Filter>logic</Filter>
    </ClInclude>
    <ClInclude Include="tag.h">
      <Filter>logic</Filter>
    </ClInclude>
    <ClInclude Include="player.h">
      <Filter>logic</Filter>
    </ClInclude>
    <ClInclude Include="army.h">
      <Filter>logic</Filter>
    </ClInclude>
    <ClInclude Include="troop.h">
      <Filter>logic</Filter>
    </ClInclude>
    <ClInclude Include="entitya.h">
      <Filter>logic</Filter>
    </ClInclude>
    <ClInclude Include="taga.h">
      <Filter>logic</Filter>
    </ClInclude>
    <ClInclude Include="strategy.h">
      <Filter>logic</Filter>
    </ClInclude>
    <ClInclude Include="province.h">
      <Filter>logic</Filter>
    </ClInclude>
    <ClInclude Include="card.h">
      <Filter>logic</Filter>
    </ClInclude>
    <ClInclude Include="draw_marker.h">
      <Filter>logic</Filter>
    </ClInclude>
    <ClInclude Include="boardpart.h">
      <Filter>logic</Filter>
    </ClInclude>
    <ClInclude Include="pushtitle.h">
      <Filter>logic</Filter>
    </ClInclude>
    <ClInclude Include="structure.h">
      <Filter>logic</Filter>
    </ClInclude>
    <ClInclude Include="filter.h">
      <Filter>logic</Filter>
    </ClInclude>
    <ClInclude Include="deck.h">
      <Filter>logic</Filter>
    </ClInclude>
  </ItemGroup>
  <ItemGroup>
    <ClCompile Include="ability.cpp">
      <Filter>logic</Filter>
    </ClCompile>
    <ClCompile Include="metadata.cpp">
      <Filter>logic</Filter>
    </ClCompile>
    <ClCompile Include="unit.cpp">
      <Filter>logic</Filter>
    </ClCompile>
    <ClCompile Include="main.cpp">
      <Filter>logic</Filter>
    </ClCompile>
    <ClCompile Include="tag.cpp">
      <Filter>logic</Filter>
    </ClCompile>
    <ClCompile Include="scripting.cpp">
      <Filter>logic</Filter>
    </ClCompile>
    <ClCompile Include="army.cpp">
      <Filter>logic</Filter>
    </ClCompile>
    <ClCompile Include="entity.cpp">
      <Filter>logic</Filter>
    </ClCompile>
    <ClCompile Include="information.cpp">
      <Filter>logic</Filter>
    </ClCompile>
    <ClCompile Include="player.cpp">
      <Filter>logic</Filter>
    </ClCompile>
    <ClCompile Include="strategy.cpp">
      <Filter>logic</Filter>
    </ClCompile>
    <ClCompile Include="entitya.cpp">
      <Filter>logic</Filter>
    </ClCompile>
    <ClCompile Include="province.cpp">
      <Filter>logic</Filter>
    </ClCompile>
    <ClCompile Include="interface.cpp">
      <Filter>logic</Filter>
    </ClCompile>
    <ClCompile Include="card.cpp">
      <Filter>logic</Filter>
    </ClCompile>
    <ClCompile Include="draw_marker.cpp">
      <Filter>logic</Filter>
    </ClCompile>
    <ClCompile Include="boardpart.cpp">
      <Filter>logic</Filter>
    </ClCompile>
    <ClCompile Include="pushtitle.cpp">
      <Filter>logic</Filter>
    </ClCompile>
    <ClCompile Include="filter.cpp">
      <Filter>logic</Filter>
    </ClCompile>
    <ClCompile Include="deck.cpp">
      <Filter>logic</Filter>
    </ClCompile>
  </ItemGroup>
  <ItemGroup>
    <Text Include="rules\Basic.txt">
      <Filter>rules</Filter>
    </Text>
    <Text Include="rules\Units.txt">
      <Filter>rules</Filter>
    </Text>
    <Text Include="errors.txt">
      <Filter>rules</Filter>
    </Text>
    <Text Include="rules\Strategies.txt">
      <Filter>rules</Filter>
    </Text>
    <Text Include="rules\Players.txt">
      <Filter>rules</Filter>
    </Text>
    <Text Include="rules\Provinces.txt">
      <Filter>rules</Filter>
    </Text>
    <Text Include="locale\ru\names\Names.txt">
      <Filter>locale</Filter>
    </Text>
    <Text Include="locale\ru\names\NamesNewbe.txt">
      <Filter>locale</Filter>
    </Text>
    <Text Include="locale\ru\names\Players.txt">
      <Filter>locale</Filter>
    </Text>
    <Text Include="locale\ru\names\Strategy.txt">
      <Filter>locale</Filter>
    </Text>
    <Text Include="locale\ru\names\Units.txt">
      <Filter>locale</Filter>
    </Text>
    <Text Include="locale\ru\tips\AbilityDescriptions.txt">
      <Filter>locale</Filter>
    </Text>
    <Text Include="locale\ru\tips\StrategyDescriptions.txt">
      <Filter>locale</Filter>
    </Text>
    <Text Include="rules\Structures.txt">
      <Filter>rules</Filter>
    </Text>
    <Text Include="rules\Tactics.txt">
      <Filter>rules</Filter>
    </Text>
    <Text Include="rules\Laws.txt">
      <Filter>rules</Filter>
    </Text>
    <Text Include="locale\ru\names\Tactics.txt">
      <Filter>locale</Filter>
    </Text>
  </ItemGroup>
</Project>