<?xml version="1.0" encoding="utf-8"?>
<Project ToolsVersion="4.0" xmlns="http://schemas.microsoft.com/developer/msbuild/2003">
  <ItemGroup>
    <ClCompile Include="ability.cpp">
      <Filter>Logic</Filter>
    </ClCompile>
    <ClCompile Include="main.cpp">
      <Filter>Logic</Filter>
    </ClCompile>
    <ClCompile Include="metadata.cpp">
      <Filter>Logic</Filter>
    </ClCompile>
    <ClCompile Include="tag.cpp">
      <Filter>Logic</Filter>
    </ClCompile>
    <ClCompile Include="move.cpp">
      <Filter>Logic</Filter>
    </ClCompile>
    <ClCompile Include="vagabond.cpp">
      <Filter>Logic</Filter>
    </ClCompile>
    <ClCompile Include="actable.cpp">
      <Filter>Logic</Filter>
    </ClCompile>
    <ClCompile Include="harmable.cpp">
      <Filter>Logic</Filter>
    </ClCompile>
    <ClCompile Include="risk.cpp">
      <Filter>Logic</Filter>
    </ClCompile>
    <ClCompile Include="rangeable.cpp">
      <Filter>Logic</Filter>
    </ClCompile>
    <ClCompile Include="npc.cpp">
      <Filter>Logic</Filter>
    </ClCompile>
    <ClCompile Include="item.cpp">
      <Filter>Logic</Filter>
    </ClCompile>
    <ClCompile Include="group.cpp">
      <Filter>Logic</Filter>
    </ClCompile>
    <ClCompile Include="scripting.cpp">
      <Filter>Logic</Filter>
    </ClCompile>
    <ClCompile Include="modifier.cpp">
      <Filter>Logic</Filter>
    </ClCompile>
    <ClCompile Include="information.cpp">
      <Filter>Logic</Filter>
    </ClCompile>
  </ItemGroup>
  <ItemGroup>
    <Filter Include="Logic">
      <UniqueIdentifier>{961cbbd4-0edb-4d36-be80-c1818d1c57cc}</UniqueIdentifier>
    </Filter>
    <Filter Include="Data">
      <UniqueIdentifier>{207a4547-7427-4725-ab05-df2564321735}</UniqueIdentifier>
    </Filter>
    <Filter Include="Locale">
      <UniqueIdentifier>{793a1144-e6c4-466e-a3ef-a674f3fe565e}</UniqueIdentifier>
    </Filter>
  </ItemGroup>
  <ItemGroup>
    <ClInclude Include="item.h">
      <Filter>Logic</Filter>
    </ClInclude>
    <ClInclude Include="harmable.h">
      <Filter>Logic</Filter>
    </ClInclude>
    <ClInclude Include="actable.h">
      <Filter>Logic</Filter>
    </ClInclude>
    <ClInclude Include="ability.h">
      <Filter>Logic</Filter>
    </ClInclude>
    <ClInclude Include="tag.h">
      <Filter>Logic</Filter>
    </ClInclude>
    <ClInclude Include="move.h">
      <Filter>Logic</Filter>
    </ClInclude>
    <ClInclude Include="statable.h">
      <Filter>Logic</Filter>
    </ClInclude>
    <ClInclude Include="vagabond.h">
      <Filter>Logic</Filter>
    </ClInclude>
    <ClInclude Include="risk.h">
      <Filter>Logic</Filter>
    </ClInclude>
    <ClInclude Include="rangeable.h">
      <Filter>Logic</Filter>
    </ClInclude>
    <ClInclude Include="tagable.h">
      <Filter>Logic</Filter>
    </ClInclude>
    <ClInclude Include="fraction.h">
      <Filter>Logic</Filter>
    </ClInclude>
    <ClInclude Include="npc.h">
      <Filter>Logic</Filter>
    </ClInclude>
    <ClInclude Include="group.h">
      <Filter>Logic</Filter>
    </ClInclude>
    <ClInclude Include="modifier.h">
      <Filter>Logic</Filter>
    </ClInclude>
  </ItemGroup>
  <ItemGroup>
    <Text Include="rules\Basic.txt">
      <Filter>Data</Filter>
    </Text>
    <Text Include="errors.txt">
      <Filter>Data</Filter>
    </Text>
    <Text Include="rules\MoveConcept.txt">
      <Filter>Data</Filter>
    </Text>
    <Text Include="locale\ru\names\Names.txt">
      <Filter>Locale</Filter>
    </Text>
    <Text Include="locale\ru\names\NamesNewbe.txt">
      <Filter>Locale</Filter>
    </Text>
    <Text Include="locale\ru\names\NamesOf.txt">
      <Filter>Locale</Filter>
    </Text>
    <Text Include="locale\ru\moves\BasicMoves.txt">
      <Filter>Data</Filter>
    </Text>
  </ItemGroup>
</Project>