<?xml version="1.0" encoding="utf-8"?>
<Project ToolsVersion="4.0" xmlns="http://schemas.microsoft.com/developer/msbuild/2003">
  <ItemGroup>
    <Filter Include="logic">
      <UniqueIdentifier>{b6857174-bf14-4e2d-af7f-6edaa2fe27d8}</UniqueIdentifier>
    </Filter>
    <Filter Include="data">
      <UniqueIdentifier>{a4762edf-a7e2-43e2-b521-a35f47ebcc2a}</UniqueIdentifier>
    </Filter>
    <Filter Include="locale">
      <UniqueIdentifier>{7abd0ccd-a9d6-4822-9049-5d509564ca7d}</UniqueIdentifier>
    </Filter>
  </ItemGroup>
  <ItemGroup>
    <ClCompile Include="main.cpp">
      <Filter>logic</Filter>
    </ClCompile>
    <ClCompile Include="metadata.cpp">
      <Filter>logic</Filter>
    </ClCompile>
    <ClCompile Include="ability.cpp">
      <Filter>logic</Filter>
    </ClCompile>
    <ClCompile Include="modifier.cpp">
      <Filter>logic</Filter>
    </ClCompile>
    <ClCompile Include="damage.cpp">
      <Filter>logic</Filter>
    </ClCompile>
    <ClCompile Include="tag.cpp">
      <Filter>logic</Filter>
    </ClCompile>
    <ClCompile Include="alignment.cpp">
      <Filter>logic</Filter>
    </ClCompile>
    <ClCompile Include="character.cpp">
      <Filter>logic</Filter>
    </ClCompile>
    <ClCompile Include="interface.cpp">
      <Filter>logic</Filter>
    </ClCompile>
    <ClCompile Include="wear.cpp">
      <Filter>logic</Filter>
    </ClCompile>
    <ClCompile Include="wearable.cpp">
      <Filter>logic</Filter>
    </ClCompile>
    <ClCompile Include="actable.cpp">
      <Filter>logic</Filter>
    </ClCompile>
    <ClCompile Include="item.cpp">
      <Filter>logic</Filter>
    </ClCompile>
    <ClCompile Include="scripting.cpp">
      <Filter>logic</Filter>
    </ClCompile>
    <ClCompile Include="advance.cpp">
      <Filter>logic</Filter>
    </ClCompile>
  </ItemGroup>
  <ItemGroup>
    <ClInclude Include="character.h">
      <Filter>logic</Filter>
    </ClInclude>
    <ClInclude Include="ability.h">
      <Filter>logic</Filter>
    </ClInclude>
    <ClInclude Include="modifier.h">
      <Filter>logic</Filter>
    </ClInclude>
    <ClInclude Include="tag.h">
      <Filter>logic</Filter>
    </ClInclude>
    <ClInclude Include="alignment.h">
      <Filter>logic</Filter>
    </ClInclude>
    <ClInclude Include="wear.h">
      <Filter>logic</Filter>
    </ClInclude>
    <ClInclude Include="wearable.h">
      <Filter>logic</Filter>
    </ClInclude>
    <ClInclude Include="actable.h">
      <Filter>logic</Filter>
    </ClInclude>
    <ClInclude Include="item.h">
      <Filter>logic</Filter>
    </ClInclude>
    <ClInclude Include="damage.h">
      <Filter>logic</Filter>
    </ClInclude>
    <ClInclude Include="language.h">
      <Filter>logic</Filter>
    </ClInclude>
    <ClInclude Include="class.h">
      <Filter>logic</Filter>
    </ClInclude>
    <ClInclude Include="skill.h">
      <Filter>logic</Filter>
    </ClInclude>
    <ClInclude Include="spell.h">
      <Filter>logic</Filter>
    </ClInclude>
    <ClInclude Include="race.h">
      <Filter>logic</Filter>
    </ClInclude>
    <ClInclude Include="advance.h">
      <Filter>logic</Filter>
    </ClInclude>
    <ClInclude Include="statable.h">
      <Filter>logic</Filter>
    </ClInclude>
    <ClInclude Include="moveable.h">
      <Filter>logic</Filter>
    </ClInclude>
    <ClInclude Include="option.h">
      <Filter>logic</Filter>
    </ClInclude>
  </ItemGroup>
  <ItemGroup>
    <Text Include="rules\Basic.txt">
      <Filter>data</Filter>
    </Text>
    <Text Include="errors.txt">
      <Filter>data</Filter>
    </Text>
    <Text Include="locale\ru\Names.txt">
      <Filter>locale</Filter>
    </Text>
    <Text Include="locale\ru\CharacterNames.txt">
      <Filter>locale</Filter>
    </Text>
    <Text Include="rules\DwarvenRaces.txt">
      <Filter>data</Filter>
    </Text>
    <Text Include="rules\ElvishRaces.txt">
      <Filter>data</Filter>
    </Text>
    <Text Include="rules\Menu.txt">
      <Filter>data</Filter>
    </Text>
    <Text Include="rules\CharacterGenerate.txt">
      <Filter>data</Filter>
    </Text>
    <Text Include="locale\ru\SpellNames.txt">
      <Filter>locale</Filter>
    </Text>
    <Text Include="locale\ru\LanguageNames.txt">
      <Filter>locale</Filter>
    </Text>
    <Text Include="locale\ru\NamesNewbe.txt">
      <Filter>locale</Filter>
    </Text>
    <Text Include="locale\ru\ItemNames.txt">
      <Filter>locale</Filter>
    </Text>
    <Text Include="rules\ClassCleric.txt">
      <Filter>data</Filter>
    </Text>
    <Text Include="locale\ru\SkillNames.txt">
      <Filter>locale</Filter>
    </Text>
    <Text Include="rules\ClassFighter.txt">
      <Filter>data</Filter>
    </Text>
    <Text Include="locale\ru\OptionNames.txt">
      <Filter>locale</Filter>
    </Text>
  </ItemGroup>
</Project>