<?xml version="1.0" encoding="utf-8"?>
<Project ToolsVersion="4.0" xmlns="http://schemas.microsoft.com/developer/msbuild/2003">
  <ItemGroup>
    <Filter Include="data">
      <UniqueIdentifier>{a4762edf-a7e2-43e2-b521-a35f47ebcc2a}</UniqueIdentifier>
    </Filter>
    <Filter Include="Locale">
      <UniqueIdentifier>{7abd0ccd-a9d6-4822-9049-5d509564ca7d}</UniqueIdentifier>
    </Filter>
    <Filter Include="logic">
      <UniqueIdentifier>{b6857174-bf14-4e2d-af7f-6edaa2fe27d8}</UniqueIdentifier>
    </Filter>
  </ItemGroup>
  <ItemGroup>
    <ClCompile Include="main.cpp">
      <Filter>logic</Filter>
    </ClCompile>
    <ClCompile Include="metadata.cpp">
      <Filter>logic</Filter>
    </ClCompile>
    <ClCompile Include="ability.cpp">
      <Filter>logic</Filter>
    </ClCompile>
    <ClCompile Include="modifier.cpp">
      <Filter>logic</Filter>
    </ClCompile>
    <ClCompile Include="moveable.cpp">
      <Filter>logic</Filter>
    </ClCompile>
    <ClCompile Include="damage.cpp">
      <Filter>logic</Filter>
    </ClCompile>
    <ClCompile Include="tag.cpp">
      <Filter>logic</Filter>
    </ClCompile>
    <ClCompile Include="alignment.cpp">
      <Filter>logic</Filter>
    </ClCompile>
    <ClCompile Include="statable.cpp">
      <Filter>logic</Filter>
    </ClCompile>
  </ItemGroup>
  <ItemGroup>
    <ClInclude Include="main.h">
      <Filter>logic</Filter>
    </ClInclude>
  </ItemGroup>
  <ItemGroup>
    <Text Include="rules\Basic.txt">
      <Filter>data</Filter>
    </Text>
    <Text Include="errors.txt">
      <Filter>data</Filter>
    </Text>
    <Text Include="locale\ru\Names.txt">
      <Filter>Locale</Filter>
    </Text>
    <Text Include="locale\ru\CharacterNames.txt">
      <Filter>Locale</Filter>
    </Text>
    <Text Include="rules\DwarvenRaces.txt">
      <Filter>data</Filter>
    </Text>
    <Text Include="rules\ElvishRaces.txt">
      <Filter>data</Filter>
    </Text>
    <Text Include="rules\Menu.txt">
      <Filter>data</Filter>
    </Text>
    <Text Include="rules\CharacterGenerate.txt">
      <Filter>data</Filter>
    </Text>
    <Text Include="locale\ru\SpellNames.txt">
      <Filter>Locale</Filter>
    </Text>
    <Text Include="locale\ru\LanguageNames.txt">
      <Filter>Locale</Filter>
    </Text>
    <Text Include="locale\ru\NamesNewbe.txt">
      <Filter>Locale</Filter>
    </Text>
    <Text Include="locale\ru\ItemNames.txt">
      <Filter>Locale</Filter>
    </Text>
  </ItemGroup>
</Project>