<?xml version="1.0" encoding="utf-8"?>
<Project ToolsVersion="4.0" xmlns="http://schemas.microsoft.com/developer/msbuild/2003">
  <ItemGroup>
    <Filter Include="Data">
      <UniqueIdentifier>{97b1da7d-b654-4c13-a292-e0b5ca0c2193}</UniqueIdentifier>
    </Filter>
    <Filter Include="Util">
      <UniqueIdentifier>{c712e7d1-3f02-4c8b-b20b-1c354a82a01c}</UniqueIdentifier>
    </Filter>
    <Filter Include="Logic">
      <UniqueIdentifier>{e12c056e-c8f2-4ce3-a41a-76529a81915c}</UniqueIdentifier>
    </Filter>
    <Filter Include="Locale">
      <UniqueIdentifier>{5cdcba28-80f4-4417-912b-ece266d6323f}</UniqueIdentifier>
    </Filter>
  </ItemGroup>
  <ItemGroup>
    <ClCompile Include="main.cpp">
      <Filter>Logic</Filter>
    </ClCompile>
    <ClCompile Include="metadata.cpp">
      <Filter>Logic</Filter>
    </ClCompile>
    <ClCompile Include="interface.cpp">
      <Filter>Logic</Filter>
    </ClCompile>
    <ClCompile Include="color.cpp">
      <Filter>Logic</Filter>
    </ClCompile>
    <ClCompile Include="tech.cpp">
      <Filter>Logic</Filter>
    </ClCompile>
    <ClCompile Include="ability.cpp">
      <Filter>Logic</Filter>
    </ClCompile>
    <ClCompile Include="unit_type.cpp">
      <Filter>Logic</Filter>
    </ClCompile>
    <ClCompile Include="tag.cpp">
      <Filter>Logic</Filter>
    </ClCompile>
    <ClCompile Include="entity.cpp">
      <Filter>Logic</Filter>
    </ClCompile>
    <ClCompile Include="entitya.cpp">
      <Filter>Logic</Filter>
    </ClCompile>
    <ClCompile Include="planet.cpp">
      <Filter>Logic</Filter>
    </ClCompile>
    <ClCompile Include="scripting.cpp">
      <Filter>Logic</Filter>
    </ClCompile>
    <ClCompile Include="player.cpp">
      <Filter>Logic</Filter>
    </ClCompile>
    <ClCompile Include="indicator.cpp">
      <Filter>Logic</Filter>
    </ClCompile>
    <ClCompile Include="system.cpp">
      <Filter>Logic</Filter>
    </ClCompile>
    <ClCompile Include="planet_trait.cpp">
      <Filter>Logic</Filter>
    </ClCompile>
    <ClCompile Include="troop.cpp">
      <Filter>Logic</Filter>
    </ClCompile>
    <ClCompile Include="galaxy.cpp">
      <Filter>Logic</Filter>
    </ClCompile>
    <ClCompile Include="main_util.cpp">
      <Filter>Util</Filter>
    </ClCompile>
    <ClCompile Include="tile.cpp">
      <Filter>Logic</Filter>
    </ClCompile>
    <ClCompile Include="card.cpp">
      <Filter>Logic</Filter>
    </ClCompile>
    <ClCompile Include="racef.cpp">
      <Filter>Logic</Filter>
    </ClCompile>
    <ClCompile Include="unit.cpp">
      <Filter>Logic</Filter>
    </ClCompile>
    <ClCompile Include="information.cpp">
      <Filter>Logic</Filter>
    </ClCompile>
    <ClCompile Include="army.cpp">
      <Filter>Logic</Filter>
    </ClCompile>
    <ClCompile Include="prototype.cpp">
      <Filter>Logic</Filter>
    </ClCompile>
    <ClCompile Include="requirement.cpp">
      <Filter>Logic</Filter>
    </ClCompile>
    <ClCompile Include="strategy.cpp">
      <Filter>Logic</Filter>
    </ClCompile>
    <ClCompile Include="filter.cpp">
      <Filter>Logic</Filter>
    </ClCompile>
  </ItemGroup>
  <ItemGroup>
    <ClInclude Include="strategy.h">
      <Filter>Logic</Filter>
    </ClInclude>
    <ClInclude Include="ability.h">
      <Filter>Logic</Filter>
    </ClInclude>
    <ClInclude Include="tech.h">
      <Filter>Logic</Filter>
    </ClInclude>
    <ClInclude Include="techcolor.h">
      <Filter>Logic</Filter>
    </ClInclude>
    <ClInclude Include="objective.h">
      <Filter>Logic</Filter>
    </ClInclude>
    <ClInclude Include="indicator.h">
      <Filter>Logic</Filter>
    </ClInclude>
    <ClInclude Include="unit.h">
      <Filter>Logic</Filter>
    </ClInclude>
    <ClInclude Include="tag.h">
      <Filter>Logic</Filter>
    </ClInclude>
    <ClInclude Include="entity.h">
      <Filter>Logic</Filter>
    </ClInclude>
    <ClInclude Include="entitya.h">
      <Filter>Logic</Filter>
    </ClInclude>
    <ClInclude Include="card.h">
      <Filter>Logic</Filter>
    </ClInclude>
    <ClInclude Include="decka.h">
      <Filter>Logic</Filter>
    </ClInclude>
    <ClInclude Include="army.h">
      <Filter>Logic</Filter>
    </ClInclude>
    <ClInclude Include="player.h">
      <Filter>Logic</Filter>
    </ClInclude>
    <ClInclude Include="system.h">
      <Filter>Logic</Filter>
    </ClInclude>
    <ClInclude Include="tile.h">
      <Filter>Logic</Filter>
    </ClInclude>
    <ClInclude Include="planet.h">
      <Filter>Logic</Filter>
    </ClInclude>
    <ClInclude Include="planet_trait.h">
      <Filter>Logic</Filter>
    </ClInclude>
    <ClInclude Include="troop.h">
      <Filter>Logic</Filter>
    </ClInclude>
    <ClInclude Include="unit_type.h">
      <Filter>Logic</Filter>
    </ClInclude>
    <ClInclude Include="racef.h">
      <Filter>Logic</Filter>
    </ClInclude>
    <ClInclude Include="techunit.h">
      <Filter>Logic</Filter>
    </ClInclude>
    <ClInclude Include="agenda.h">
      <Filter>Logic</Filter>
    </ClInclude>
    <ClInclude Include="filter.h">
      <Filter>Logic</Filter>
    </ClInclude>
  </ItemGroup>
  <ItemGroup>
    <Text Include="rules\Basic.txt">
      <Filter>Data</Filter>
    </Text>
    <Text Include="errors.txt">
      <Filter>Data</Filter>
    </Text>
    <Text Include="rules\Planets.txt">
      <Filter>Data</Filter>
    </Text>
    <Text Include="rules\ActionCards.txt">
      <Filter>Data</Filter>
    </Text>
    <Text Include="rules\Objectives.txt">
      <Filter>Data</Filter>
    </Text>
    <Text Include="locale\ru\names\AbilityNames.txt">
      <Filter>Locale</Filter>
    </Text>
    <Text Include="locale\ru\names\ActionCardNames.txt">
      <Filter>Locale</Filter>
    </Text>
    <Text Include="locale\ru\names\Names.txt">
      <Filter>Locale</Filter>
    </Text>
    <Text Include="locale\ru\names\NamesNewbe.txt">
      <Filter>Locale</Filter>
    </Text>
    <Text Include="locale\ru\names\NamesSh.txt">
      <Filter>Locale</Filter>
    </Text>
    <Text Include="locale\ru\names\StrategyNames.txt">
      <Filter>Locale</Filter>
    </Text>
    <Text Include="locale\ru\names\TechNames.txt">
      <Filter>Locale</Filter>
    </Text>
    <Text Include="locale\ru\tips\AbilityDescriptions.txt">
      <Filter>Locale</Filter>
    </Text>
    <Text Include="locale\ru\tips\Descriptions.txt">
      <Filter>Locale</Filter>
    </Text>
    <Text Include="locale\ru\tips\StrategyDescriptions.txt">
      <Filter>Locale</Filter>
    </Text>
    <Text Include="locale\ru\tips\TechDescriptions.txt">
      <Filter>Locale</Filter>
    </Text>
    <Text Include="rules\Strategy.txt">
      <Filter>Data</Filter>
    </Text>
    <Text Include="rules\Players.txt">
      <Filter>Data</Filter>
    </Text>
  </ItemGroup>
</Project>