<?xml version="1.0" encoding="utf-8"?>
<Project ToolsVersion="4.0" xmlns="http://schemas.microsoft.com/developer/msbuild/2003">
  <ItemGroup>
    <Filter Include="Support">
      <UniqueIdentifier>{ad6947a4-128f-4b97-8b38-aff7c4c00e8d}</UniqueIdentifier>
    </Filter>
    <Filter Include="Interface">
      <UniqueIdentifier>{b214204f-18c0-4035-b6b4-46d29c333fc2}</UniqueIdentifier>
    </Filter>
    <Filter Include="Stream">
      <UniqueIdentifier>{e558ad4f-513a-443e-84f6-8e409edcfea7}</UniqueIdentifier>
    </Filter>
    <Filter Include="Platform">
      <UniqueIdentifier>{6b35c2d6-6842-4f85-9d1d-ae4a49791171}</UniqueIdentifier>
    </Filter>
    <Filter Include="Formats">
      <UniqueIdentifier>{2b73057d-832f-4ced-84ce-1ee5df6b2109}</UniqueIdentifier>
    </Filter>
    <Filter Include="Utils">
      <UniqueIdentifier>{5476dc3f-a87e-46f5-8e5e-9359e405a300}</UniqueIdentifier>
    </Filter>
    <Filter Include="Code">
      <UniqueIdentifier>{770f1060-921d-4cc9-af9e-169795a63941}</UniqueIdentifier>
    </Filter>
    <Filter Include="Scripting">
      <UniqueIdentifier>{aa9db02c-a318-4378-9a8f-f70ff6dabd90}</UniqueIdentifier>
    </Filter>
    <Filter Include="Templates">
      <UniqueIdentifier>{3a5d5b1d-e310-4a15-ba32-d5447c65ad60}</UniqueIdentifier>
    </Filter>
  </ItemGroup>
  <ItemGroup>
    <ClCompile Include="answers.cpp">
      <Filter>Support</Filter>
    </ClCompile>
    <ClCompile Include="archive.cpp">
      <Filter>Support</Filter>
    </ClCompile>
    <ClCompile Include="bsreq.cpp">
      <Filter>Support</Filter>
    </ClCompile>
    <ClCompile Include="color.cpp">
      <Filter>Support</Filter>
    </ClCompile>
    <ClCompile Include="crt.cpp">
      <Filter>Support</Filter>
    </ClCompile>
    <ClCompile Include="crt_file.cpp">
      <Filter>Support</Filter>
    </ClCompile>
    <ClCompile Include="crt_locale.cpp">
      <Filter>Support</Filter>
    </ClCompile>
    <ClCompile Include="dice.cpp">
      <Filter>Support</Filter>
    </ClCompile>
    <ClCompile Include="draw.cpp">
      <Filter>Interface</Filter>
    </ClCompile>
    <ClCompile Include="draw_utg.cpp">
      <Filter>Interface</Filter>
    </ClCompile>
    <ClCompile Include="draw_text.cpp">
      <Filter>Interface</Filter>
    </ClCompile>
    <ClCompile Include="draw_textf.cpp">
      <Filter>Interface</Filter>
    </ClCompile>
    <ClCompile Include="draw_theme.cpp">
      <Filter>Interface</Filter>
    </ClCompile>
    <ClCompile Include="draw_tooltips.cpp">
      <Filter>Interface</Filter>
    </ClCompile>
    <ClCompile Include="io_stream.cpp">
      <Filter>Stream</Filter>
    </ClCompile>
    <ClCompile Include="log.cpp">
      <Filter>Stream</Filter>
    </ClCompile>
    <ClCompile Include="point.cpp">
      <Filter>Support</Filter>
    </ClCompile>
    <ClCompile Include="stringact.cpp">
      <Filter>Support</Filter>
    </ClCompile>
    <ClCompile Include="stringbuilder.cpp">
      <Filter>Support</Filter>
    </ClCompile>
    <ClCompile Include="szdup.cpp">
      <Filter>Support</Filter>
    </ClCompile>
    <ClCompile Include="variant.cpp">
      <Filter>Support</Filter>
    </ClCompile>
    <ClCompile Include="win_draw.cpp">
      <Filter>Platform</Filter>
    </ClCompile>
    <ClCompile Include="png.cpp">
      <Filter>Formats</Filter>
    </ClCompile>
    <ClCompile Include="zip.cpp">
      <Filter>Formats</Filter>
    </ClCompile>
    <ClCompile Include="gender.cpp">
      <Filter>Support</Filter>
    </ClCompile>
    <ClCompile Include="bstream.cpp">
      <Filter>Support</Filter>
    </ClCompile>
    <ClCompile Include="win_io_file.cpp">
      <Filter>Platform</Filter>
    </ClCompile>
    <ClCompile Include="resource_dynamic.cpp">
      <Filter>Support</Filter>
    </ClCompile>
    <ClCompile Include="surface_serial.cpp">
      <Filter>Support</Filter>
    </ClCompile>
    <ClCompile Include="utg.cpp">
      <Filter>Support</Filter>
    </ClCompile>
    <ClCompile Include="avatarable.cpp">
      <Filter>Support</Filter>
    </ClCompile>
    <ClCompile Include="draw_figure.cpp">
      <Filter>Interface</Filter>
    </ClCompile>
    <ClCompile Include="advancement.cpp">
      <Filter>Support</Filter>
    </ClCompile>
    <ClCompile Include="front.cpp">
      <Filter>Support</Filter>
    </ClCompile>
    <ClCompile Include="quest.cpp">
      <Filter>Support</Filter>
    </ClCompile>
    <ClCompile Include="result.cpp">
      <Filter>Support</Filter>
    </ClCompile>
    <ClCompile Include="message.cpp">
      <Filter>Support</Filter>
    </ClCompile>
    <ClCompile Include="win_time.cpp">
      <Filter>Platform</Filter>
    </ClCompile>
    <ClCompile Include="stringlist.cpp">
      <Filter>Support</Filter>
    </ClCompile>
    <ClCompile Include="namenpc.cpp">
      <Filter>Support</Filter>
    </ClCompile>
    <ClCompile Include="group.cpp">
      <Filter>Support</Filter>
    </ClCompile>
    <ClCompile Include="draw_hexagon.cpp">
      <Filter>Interface</Filter>
    </ClCompile>
    <ClCompile Include="menu.cpp">
      <Filter>Support</Filter>
    </ClCompile>
    <ClCompile Include="logparse.cpp">
      <Filter>Stream</Filter>
    </ClCompile>
    <ClCompile Include="draw_object.cpp">
      <Filter>Interface</Filter>
    </ClCompile>
    <ClCompile Include="pathfind.cpp">
      <Filter>Support</Filter>
    </ClCompile>
    <ClCompile Include="screenshoot.cpp">
      <Filter>Support</Filter>
    </ClCompile>
    <ClCompile Include="tag.cpp">
      <Filter>Support</Filter>
    </ClCompile>
    <ClCompile Include="chooselist.cpp">
      <Filter>Support</Filter>
    </ClCompile>
    <ClCompile Include="iterator.cpp">
      <Filter>Support</Filter>
    </ClCompile>
    <ClCompile Include="dataset.cpp">
      <Filter>Support</Filter>
    </ClCompile>
    <ClCompile Include="property.cpp">
      <Filter>Support</Filter>
    </ClCompile>
    <ClCompile Include="draw_strategy.cpp">
      <Filter>Interface</Filter>
    </ClCompile>
    <ClCompile Include="font_util.cpp">
      <Filter>Utils</Filter>
    </ClCompile>
    <ClCompile Include="sprite_util.cpp">
      <Filter>Utils</Filter>
    </ClCompile>
    <ClCompile Include="draw_answers.cpp">
      <Filter>Interface</Filter>
    </ClCompile>
    <ClCompile Include="code_rule.cpp">
      <Filter>Code</Filter>
    </ClCompile>
    <ClCompile Include="code_token.cpp">
      <Filter>Code</Filter>
    </ClCompile>
    <ClCompile Include="stringa.cpp">
      <Filter>Support</Filter>
    </ClCompile>
    <ClCompile Include="code_package.cpp">
      <Filter>Code</Filter>
    </ClCompile>
    <ClCompile Include="speech.cpp">
      <Filter>Support</Filter>
    </ClCompile>
    <ClCompile Include="script.cpp">
      <Filter>Scripting</Filter>
    </ClCompile>
    <ClCompile Include="condition.cpp">
      <Filter>Scripting</Filter>
    </ClCompile>
    <ClCompile Include="choosestep.cpp">
      <Filter>Support</Filter>
    </ClCompile>
    <ClCompile Include="draw_list.cpp">
      <Filter>Interface</Filter>
    </ClCompile>
    <ClCompile Include="datasource.cpp">
      <Filter>Support</Filter>
    </ClCompile>
    <ClCompile Include="draw_gui.cpp">
      <Filter>Interface</Filter>
    </ClCompile>
    <ClCompile Include="chooseoption.cpp">
      <Filter>Support</Filter>
    </ClCompile>
    <ClCompile Include="list.cpp">
      <Filter>Support</Filter>
    </ClCompile>
    <ClCompile Include="generator.cpp">
      <Filter>Support</Filter>
    </ClCompile>
    <ClCompile Include="collection.cpp">
      <Filter>Support</Filter>
    </ClCompile>
    <ClCompile Include="randomizer.cpp">
      <Filter>Support</Filter>
    </ClCompile>
    <ClCompile Include="nameable.cpp">
      <Filter>Support</Filter>
    </ClCompile>
    <ClCompile Include="widget.cpp">
      <Filter>Interface</Filter>
    </ClCompile>
    <ClCompile Include="io_bsreq.cpp">
      <Filter>Stream</Filter>
    </ClCompile>
    <ClCompile Include="win_cmd.cpp">
      <Filter>Platform</Filter>
    </ClCompile>
    <ClCompile Include="win_message.cpp">
      <Filter>Platform</Filter>
    </ClCompile>
    <ClCompile Include="groupname.cpp">
      <Filter>Support</Filter>
    </ClCompile>
    <ClCompile Include="questlist.cpp">
      <Filter>Support</Filter>
    </ClCompile>
    <ClCompile Include="tga.cpp">
      <Filter>Formats</Filter>
    </ClCompile>
    <ClCompile Include="io_bsreq_bin.cpp">
      <Filter>Stream</Filter>
    </ClCompile>
    <ClCompile Include="code_lexer.cpp">
      <Filter>Code</Filter>
    </ClCompile>
    <ClCompile Include="drawable.cpp">
      <Filter>Interface</Filter>
    </ClCompile>
    <ClCompile Include="compiler.cpp">
      <Filter>Scripting</Filter>
    </ClCompile>
    <ClCompile Include="querry.cpp">
      <Filter>Support</Filter>
    </ClCompile>
    <ClCompile Include="banner.cpp">
      <Filter>Interface</Filter>
    </ClCompile>
    <ClCompile Include="strprint.cpp">
      <Filter>Support</Filter>
    </ClCompile>
    <ClCompile Include="draw_imager.cpp">
      <Filter>Interface</Filter>
    </ClCompile>
    <ClCompile Include="interval.cpp">
      <Filter>Support</Filter>
    </ClCompile>
  </ItemGroup>
  <ItemGroup>
    <ClInclude Include="answers.h">
      <Filter>Support</Filter>
    </ClInclude>
    <ClInclude Include="archive.h">
      <Filter>Support</Filter>
    </ClInclude>
    <ClInclude Include="bsreq.h">
      <Filter>Support</Filter>
    </ClInclude>
    <ClInclude Include="color.h">
      <Filter>Support</Filter>
    </ClInclude>
    <ClInclude Include="crt.h">
      <Filter>Support</Filter>
    </ClInclude>
    <ClInclude Include="dice.h">
      <Filter>Support</Filter>
    </ClInclude>
    <ClInclude Include="draw.h">
      <Filter>Interface</Filter>
    </ClInclude>
    <ClInclude Include="draw_utg.h">
      <Filter>Interface</Filter>
    </ClInclude>
    <ClInclude Include="io_stream.h">
      <Filter>Stream</Filter>
    </ClInclude>
    <ClInclude Include="log.h">
      <Filter>Stream</Filter>
    </ClInclude>
    <ClInclude Include="my_initialize_list.h">
      <Filter>Support</Filter>
    </ClInclude>
    <ClInclude Include="point.h">
      <Filter>Support</Filter>
    </ClInclude>
    <ClInclude Include="rect.h">
      <Filter>Support</Filter>
    </ClInclude>
    <ClInclude Include="stringbuilder.h">
      <Filter>Support</Filter>
    </ClInclude>
    <ClInclude Include="variant.h">
      <Filter>Support</Filter>
    </ClInclude>
    <ClInclude Include="win.h">
      <Filter>Platform</Filter>
    </ClInclude>
    <ClInclude Include="gender.h">
      <Filter>Support</Filter>
    </ClInclude>
    <ClInclude Include="bstream.h">
      <Filter>Support</Filter>
    </ClInclude>
    <ClInclude Include="flagable.h">
      <Filter>Support</Filter>
    </ClInclude>
    <ClInclude Include="avatarable.h">
      <Filter>Support</Filter>
    </ClInclude>
    <ClInclude Include="draw_figure.h">
      <Filter>Interface</Filter>
    </ClInclude>
    <ClInclude Include="advancement.h">
      <Filter>Support</Filter>
    </ClInclude>
    <ClInclude Include="front.h">
      <Filter>Support</Filter>
    </ClInclude>
    <ClInclude Include="menu.h">
      <Filter>Support</Filter>
    </ClInclude>
    <ClInclude Include="ability.h">
      <Filter>Support</Filter>
    </ClInclude>
    <ClInclude Include="tag.h">
      <Filter>Support</Filter>
    </ClInclude>
    <ClInclude Include="quest.h">
      <Filter>Support</Filter>
    </ClInclude>
    <ClInclude Include="result.h">
      <Filter>Support</Filter>
    </ClInclude>
    <ClInclude Include="message.h">
      <Filter>Support</Filter>
    </ClInclude>
    <ClInclude Include="bonus.h">
      <Filter>Support</Filter>
    </ClInclude>
    <ClInclude Include="stringlist.h">
      <Filter>Support</Filter>
    </ClInclude>
    <ClInclude Include="namenpc.h">
      <Filter>Support</Filter>
    </ClInclude>
    <ClInclude Include="group.h">
      <Filter>Support</Filter>
    </ClInclude>
    <ClInclude Include="counter.h">
      <Filter>Support</Filter>
    </ClInclude>
    <ClInclude Include="draw_hexagon.h">
      <Filter>Interface</Filter>
    </ClInclude>
    <ClInclude Include="logparse.h">
      <Filter>Stream</Filter>
    </ClInclude>
    <ClInclude Include="draw_object.h">
      <Filter>Interface</Filter>
    </ClInclude>
    <ClInclude Include="pathfind.h">
      <Filter>Support</Filter>
    </ClInclude>
    <ClInclude Include="screenshoot.h">
      <Filter>Support</Filter>
    </ClInclude>
    <ClInclude Include="iterator.h">
      <Filter>Support</Filter>
    </ClInclude>
    <ClInclude Include="chooselist.h">
      <Filter>Support</Filter>
    </ClInclude>
    <ClInclude Include="dataset.h">
      <Filter>Support</Filter>
    </ClInclude>
    <ClInclude Include="property.h">
      <Filter>Support</Filter>
    </ClInclude>
    <ClInclude Include="draw_strategy.h">
      <Filter>Interface</Filter>
    </ClInclude>
    <ClInclude Include="kering.h">
      <Filter>Interface</Filter>
    </ClInclude>
    <ClInclude Include="sprite_util.h">
      <Filter>Utils</Filter>
    </ClInclude>
    <ClInclude Include="strvar.h">
      <Filter>Support</Filter>
    </ClInclude>
    <ClInclude Include="code_rule.h">
      <Filter>Code</Filter>
    </ClInclude>
    <ClInclude Include="code_token.h">
      <Filter>Code</Filter>
    </ClInclude>
    <ClInclude Include="stringa.h">
      <Filter>Support</Filter>
    </ClInclude>
    <ClInclude Include="code_package.h">
      <Filter>Code</Filter>
    </ClInclude>
    <ClInclude Include="speech.h">
      <Filter>Support</Filter>
    </ClInclude>
    <ClInclude Include="script.h">
      <Filter>Scripting</Filter>
    </ClInclude>
    <ClInclude Include="condition.h">
      <Filter>Scripting</Filter>
    </ClInclude>
    <ClInclude Include="informable.h">
      <Filter>Support</Filter>
    </ClInclude>
    <ClInclude Include="nameable.h">
      <Filter>Support</Filter>
    </ClInclude>
    <ClInclude Include="choosestep.h">
      <Filter>Support</Filter>
    </ClInclude>
    <ClInclude Include="draw_list.h">
      <Filter>Interface</Filter>
    </ClInclude>
    <ClInclude Include="draw_gui.h">
      <Filter>Interface</Filter>
    </ClInclude>
    <ClInclude Include="datasource.h">
      <Filter>Support</Filter>
    </ClInclude>
    <ClInclude Include="cdat.h">
      <Filter>Support</Filter>
    </ClInclude>
    <ClInclude Include="chooseoption.h">
      <Filter>Support</Filter>
    </ClInclude>
    <ClInclude Include="list.h">
      <Filter>Support</Filter>
    </ClInclude>
    <ClInclude Include="generator.h">
      <Filter>Support</Filter>
    </ClInclude>
    <ClInclude Include="pushvalue.h">
      <Filter>Support</Filter>
    </ClInclude>
    <ClInclude Include="collection.h">
      <Filter>Support</Filter>
    </ClInclude>
    <ClInclude Include="randomizer.h">
      <Filter>Support</Filter>
    </ClInclude>
    <ClInclude Include="widget.h">
      <Filter>Interface</Filter>
    </ClInclude>
    <ClInclude Include="bsenum.h">
      <Filter>Support</Filter>
    </ClInclude>
    <ClInclude Include="groupname.h">
      <Filter>Support</Filter>
    </ClInclude>
    <ClInclude Include="questlist.h">
      <Filter>Support</Filter>
    </ClInclude>
    <ClInclude Include="bsref.h">
      <Filter>Support</Filter>
    </ClInclude>
    <ClInclude Include="code_command.h">
      <Filter>Code</Filter>
    </ClInclude>
    <ClInclude Include="code_lexer.h">
      <Filter>Code</Filter>
    </ClInclude>
    <ClInclude Include="interval.h">
      <Filter>Support</Filter>
    </ClInclude>
    <ClInclude Include="drawable.h">
      <Filter>Interface</Filter>
    </ClInclude>
    <ClInclude Include="compiler.h">
      <Filter>Scripting</Filter>
    </ClInclude>
    <ClInclude Include="flagux.h">
      <Filter>Support</Filter>
    </ClInclude>
    <ClInclude Include="querry.h">
      <Filter>Support</Filter>
    </ClInclude>
    <ClInclude Include="assign.h">
      <Filter>Support</Filter>
    </ClInclude>
    <ClInclude Include="banner.h">
      <Filter>Interface</Filter>
    </ClInclude>
    <ClInclude Include="anymap.h">
      <Filter>Support</Filter>
    </ClInclude>
    <ClInclude Include="strprint.h">
      <Filter>Support</Filter>
    </ClInclude>
    <ClInclude Include="tmpfunct.h">
      <Filter>Templates</Filter>
    </ClInclude>
    <ClInclude Include="typeable.h">
      <Filter>Templates</Filter>
    </ClInclude>
    <ClInclude Include="parentable.h">
      <Filter>Templates</Filter>
    </ClInclude>
    <ClInclude Include="ownerable.h">
      <Filter>Templates</Filter>
    </ClInclude>
  </ItemGroup>
</Project>